// !$*UTF8*$!
{
	archiveVersion = 1;
	classes = {
	};
	objectVersion = 55;
	objects = {

/* Begin PBXBuildFile section */
		6086AF4D286010B60073B5BE /* CardKasUsaha.swift in Sources */ = {isa = PBXBuildFile; fileRef = 6086AF4C286010B60073B5BE /* CardKasUsaha.swift */; };
		6086AF4F286010C20073B5BE /* DashboardPredictionSection.swift in Sources */ = {isa = PBXBuildFile; fileRef = 6086AF4E286010C20073B5BE /* DashboardPredictionSection.swift */; };
		6086AF51286011640073B5BE /* DashboardView.swift in Sources */ = {isa = PBXBuildFile; fileRef = 6086AF50286011640073B5BE /* DashboardView.swift */; };
		6086AF5328601EB80073B5BE /* SecondaryButton.swift in Sources */ = {isa = PBXBuildFile; fileRef = 6086AF5228601EB80073B5BE /* SecondaryButton.swift */; };
		6086AF572860442E0073B5BE /* SemiBoldLabel.swift in Sources */ = {isa = PBXBuildFile; fileRef = 6086AF562860442E0073B5BE /* SemiBoldLabel.swift */; };
		A656F1EA285C59710052EFB6 /* UIImageViewExtension.swift in Sources */ = {isa = PBXBuildFile; fileRef = A656F1E9285C59710052EFB6 /* UIImageViewExtension.swift */; };
		A656F212285D87290052EFB6 /* PrimaryButton.swift in Sources */ = {isa = PBXBuildFile; fileRef = A656F211285D87290052EFB6 /* PrimaryButton.swift */; };
		A656F216285D8BE30052EFB6 /* HeadingFiveLabel.swift in Sources */ = {isa = PBXBuildFile; fileRef = A656F215285D8BE30052EFB6 /* HeadingFiveLabel.swift */; };
		A656F218285D8EFC0052EFB6 /* RegularLabel.swift in Sources */ = {isa = PBXBuildFile; fileRef = A656F217285D8EFC0052EFB6 /* RegularLabel.swift */; };
		A656F21A285D970E0052EFB6 /* LoginViewModel.swift in Sources */ = {isa = PBXBuildFile; fileRef = A656F219285D970E0052EFB6 /* LoginViewModel.swift */; };
		A656F21C285D972B0052EFB6 /* RegisterViewModel.swift in Sources */ = {isa = PBXBuildFile; fileRef = A656F21B285D972B0052EFB6 /* RegisterViewModel.swift */; };
		A656F21F285D996D0052EFB6 /* UserApiServices.swift in Sources */ = {isa = PBXBuildFile; fileRef = A656F21E285D996D0052EFB6 /* UserApiServices.swift */; };
		A656F221285D9A640052EFB6 /* ApiServices.swift in Sources */ = {isa = PBXBuildFile; fileRef = A656F220285D9A640052EFB6 /* ApiServices.swift */; };
		A656F225285D9ADB0052EFB6 /* User.swift in Sources */ = {isa = PBXBuildFile; fileRef = A656F224285D9ADB0052EFB6 /* User.swift */; };
		A656F228285D9F9F0052EFB6 /* LoginView.swift in Sources */ = {isa = PBXBuildFile; fileRef = A656F227285D9F9F0052EFB6 /* LoginView.swift */; };
		A656F22A285DB50D0052EFB6 /* UITextFieldExtension.swift in Sources */ = {isa = PBXBuildFile; fileRef = A656F229285DB50D0052EFB6 /* UITextFieldExtension.swift */; };
		A656F22E285DE90A0052EFB6 /* WarningLabel.swift in Sources */ = {isa = PBXBuildFile; fileRef = A656F22D285DE90A0052EFB6 /* WarningLabel.swift */; };
		A656F230285E2B270052EFB6 /* PINView.swift in Sources */ = {isa = PBXBuildFile; fileRef = A656F22F285E2B270052EFB6 /* PINView.swift */; };
		A656F232285EB9640052EFB6 /* UserSession.swift in Sources */ = {isa = PBXBuildFile; fileRef = A656F231285EB9640052EFB6 /* UserSession.swift */; };
		A656F234285EBF840052EFB6 /* StringExtension.swift in Sources */ = {isa = PBXBuildFile; fileRef = A656F233285EBF840052EFB6 /* StringExtension.swift */; };
		A656F236285ED34D0052EFB6 /* TempDashboardViewController.swift in Sources */ = {isa = PBXBuildFile; fileRef = A656F235285ED34D0052EFB6 /* TempDashboardViewController.swift */; };
		A656F238285F0F220052EFB6 /* UserDefaults.swift in Sources */ = {isa = PBXBuildFile; fileRef = A656F237285F0F220052EFB6 /* UserDefaults.swift */; };
		A656F23A285F2C930052EFB6 /* RegisterView.swift in Sources */ = {isa = PBXBuildFile; fileRef = A656F239285F2C930052EFB6 /* RegisterView.swift */; };
		A656F23C285F4C9D0052EFB6 /* WelcomingAddMenuView.swift in Sources */ = {isa = PBXBuildFile; fileRef = A656F23B285F4C9D0052EFB6 /* WelcomingAddMenuView.swift */; };
		A656F23E285F4F340052EFB6 /* RegisterPINViewController.swift in Sources */ = {isa = PBXBuildFile; fileRef = A656F23D285F4F340052EFB6 /* RegisterPINViewController.swift */; };
		A656F240285F4F440052EFB6 /* RegisterConfirmPINViewController.swift in Sources */ = {isa = PBXBuildFile; fileRef = A656F23F285F4F440052EFB6 /* RegisterConfirmPINViewController.swift */; };
		A66510EA285B362F00297031 /* UIViewControllerExtension.swift in Sources */ = {isa = PBXBuildFile; fileRef = A66510E9285B362F00297031 /* UIViewControllerExtension.swift */; };
		A66510EC285B364900297031 /* UIViewExtension.swift in Sources */ = {isa = PBXBuildFile; fileRef = A66510EB285B364900297031 /* UIViewExtension.swift */; };
		A66510EE285B3E3900297031 /* OnboardingData.swift in Sources */ = {isa = PBXBuildFile; fileRef = A66510ED285B3E3900297031 /* OnboardingData.swift */; };
		A66510F2285B4D9400297031 /* OnboardingView.swift in Sources */ = {isa = PBXBuildFile; fileRef = A66510F1285B4D9400297031 /* OnboardingView.swift */; };
		A665110F285B678600297031 /* Inter-Light.ttf in Resources */ = {isa = PBXBuildFile; fileRef = A6651106285B678600297031 /* Inter-Light.ttf */; };
		A6651110285B678600297031 /* Inter-Medium.ttf in Resources */ = {isa = PBXBuildFile; fileRef = A6651107285B678600297031 /* Inter-Medium.ttf */; };
		A6651111285B678600297031 /* Inter-ExtraBold.ttf in Resources */ = {isa = PBXBuildFile; fileRef = A6651108285B678600297031 /* Inter-ExtraBold.ttf */; };
		A6651112285B678600297031 /* Inter-ExtraLight.ttf in Resources */ = {isa = PBXBuildFile; fileRef = A6651109285B678600297031 /* Inter-ExtraLight.ttf */; };
		A6651113285B678600297031 /* Inter-Regular.ttf in Resources */ = {isa = PBXBuildFile; fileRef = A665110A285B678600297031 /* Inter-Regular.ttf */; };
		A6651114285B678600297031 /* Inter-Bold.ttf in Resources */ = {isa = PBXBuildFile; fileRef = A665110B285B678600297031 /* Inter-Bold.ttf */; };
		A6651115285B678600297031 /* Inter-Thin.ttf in Resources */ = {isa = PBXBuildFile; fileRef = A665110C285B678600297031 /* Inter-Thin.ttf */; };
		A6651116285B678600297031 /* Inter-SemiBold.ttf in Resources */ = {isa = PBXBuildFile; fileRef = A665110D285B678600297031 /* Inter-SemiBold.ttf */; };
		A6651117285B678600297031 /* Inter-Black.ttf in Resources */ = {isa = PBXBuildFile; fileRef = A665110E285B678600297031 /* Inter-Black.ttf */; };
		A665111C285B8E1D00297031 /* Fonts.swift in Sources */ = {isa = PBXBuildFile; fileRef = A665111B285B8E1D00297031 /* Fonts.swift */; };
		A6651123285B925F00297031 /* UIColorExtension.swift in Sources */ = {isa = PBXBuildFile; fileRef = A6651122285B925F00297031 /* UIColorExtension.swift */; };
		A6651127285B98AB00297031 /* RegisterViewController.swift in Sources */ = {isa = PBXBuildFile; fileRef = A6651126285B98AB00297031 /* RegisterViewController.swift */; };
		A665112B285BAC6600297031 /* CustomButton.swift in Sources */ = {isa = PBXBuildFile; fileRef = A665112A285BAC6600297031 /* CustomButton.swift */; };
		A665112D285BADA600297031 /* LoginViewController.swift in Sources */ = {isa = PBXBuildFile; fileRef = A665112C285BADA600297031 /* LoginViewController.swift */; };
		A665112F285C042B00297031 /* LoginPINViewController.swift in Sources */ = {isa = PBXBuildFile; fileRef = A665112E285C042B00297031 /* LoginPINViewController.swift */; };
		A6651133285C081F00297031 /* WelcomingAddMenuViewController.swift in Sources */ = {isa = PBXBuildFile; fileRef = A6651132285C081F00297031 /* WelcomingAddMenuViewController.swift */; };
		A6651135285C0D1D00297031 /* AddMenuScreenController.swift in Sources */ = {isa = PBXBuildFile; fileRef = A6651134285C0D1D00297031 /* AddMenuScreenController.swift */; };
		A6651137285C0D5200297031 /* ListMenuScreenController.swift in Sources */ = {isa = PBXBuildFile; fileRef = A6651136285C0D5200297031 /* ListMenuScreenController.swift */; };
		A6E2723E2857708C00B5CF59 /* AppDelegate.swift in Sources */ = {isa = PBXBuildFile; fileRef = A6E2723D2857708C00B5CF59 /* AppDelegate.swift */; };
		A6E272402857708C00B5CF59 /* SceneDelegate.swift in Sources */ = {isa = PBXBuildFile; fileRef = A6E2723F2857708C00B5CF59 /* SceneDelegate.swift */; };
		A6E272422857708C00B5CF59 /* OnboardingViewController.swift in Sources */ = {isa = PBXBuildFile; fileRef = A6E272412857708C00B5CF59 /* OnboardingViewController.swift */; };
		A6E272482857708C00B5CF59 /* MagiCan.xcdatamodeld in Sources */ = {isa = PBXBuildFile; fileRef = A6E272462857708C00B5CF59 /* MagiCan.xcdatamodeld */; };
		A6E2724A2857708E00B5CF59 /* Assets.xcassets in Resources */ = {isa = PBXBuildFile; fileRef = A6E272492857708E00B5CF59 /* Assets.xcassets */; };
		A6E2724D2857708E00B5CF59 /* LaunchScreen.storyboard in Resources */ = {isa = PBXBuildFile; fileRef = A6E2724B2857708E00B5CF59 /* LaunchScreen.storyboard */; };
		A6E272582857708E00B5CF59 /* MagiCanTests.swift in Sources */ = {isa = PBXBuildFile; fileRef = A6E272572857708E00B5CF59 /* MagiCanTests.swift */; };
		A6E272622857708E00B5CF59 /* MagiCanUITests.swift in Sources */ = {isa = PBXBuildFile; fileRef = A6E272612857708E00B5CF59 /* MagiCanUITests.swift */; };
		A6E272642857708E00B5CF59 /* MagiCanUITestsLaunchTests.swift in Sources */ = {isa = PBXBuildFile; fileRef = A6E272632857708E00B5CF59 /* MagiCanUITestsLaunchTests.swift */; };
/* End PBXBuildFile section */

/* Begin PBXContainerItemProxy section */
		A6E272542857708E00B5CF59 /* PBXContainerItemProxy */ = {
			isa = PBXContainerItemProxy;
			containerPortal = A6E272322857708C00B5CF59 /* Project object */;
			proxyType = 1;
			remoteGlobalIDString = A6E272392857708C00B5CF59;
			remoteInfo = MagiCan;
		};
		A6E2725E2857708E00B5CF59 /* PBXContainerItemProxy */ = {
			isa = PBXContainerItemProxy;
			containerPortal = A6E272322857708C00B5CF59 /* Project object */;
			proxyType = 1;
			remoteGlobalIDString = A6E272392857708C00B5CF59;
			remoteInfo = MagiCan;
		};
/* End PBXContainerItemProxy section */

/* Begin PBXFileReference section */
		6086AF4C286010B60073B5BE /* CardKasUsaha.swift */ = {isa = PBXFileReference; lastKnownFileType = sourcecode.swift; path = CardKasUsaha.swift; sourceTree = "<group>"; };
		6086AF4E286010C20073B5BE /* DashboardPredictionSection.swift */ = {isa = PBXFileReference; lastKnownFileType = sourcecode.swift; path = DashboardPredictionSection.swift; sourceTree = "<group>"; };
		6086AF50286011640073B5BE /* DashboardView.swift */ = {isa = PBXFileReference; lastKnownFileType = sourcecode.swift; path = DashboardView.swift; sourceTree = "<group>"; };
		6086AF5228601EB80073B5BE /* SecondaryButton.swift */ = {isa = PBXFileReference; lastKnownFileType = sourcecode.swift; path = SecondaryButton.swift; sourceTree = "<group>"; };
		6086AF562860442E0073B5BE /* SemiBoldLabel.swift */ = {isa = PBXFileReference; lastKnownFileType = sourcecode.swift; path = SemiBoldLabel.swift; sourceTree = "<group>"; };
		A656F1E9285C59710052EFB6 /* UIImageViewExtension.swift */ = {isa = PBXFileReference; lastKnownFileType = sourcecode.swift; path = UIImageViewExtension.swift; sourceTree = "<group>"; };
		A656F211285D87290052EFB6 /* PrimaryButton.swift */ = {isa = PBXFileReference; lastKnownFileType = sourcecode.swift; path = PrimaryButton.swift; sourceTree = "<group>"; };
		A656F215285D8BE30052EFB6 /* HeadingFiveLabel.swift */ = {isa = PBXFileReference; lastKnownFileType = sourcecode.swift; path = HeadingFiveLabel.swift; sourceTree = "<group>"; };
		A656F217285D8EFC0052EFB6 /* RegularLabel.swift */ = {isa = PBXFileReference; lastKnownFileType = sourcecode.swift; path = RegularLabel.swift; sourceTree = "<group>"; };
		A656F219285D970E0052EFB6 /* LoginViewModel.swift */ = {isa = PBXFileReference; lastKnownFileType = sourcecode.swift; path = LoginViewModel.swift; sourceTree = "<group>"; };
		A656F21B285D972B0052EFB6 /* RegisterViewModel.swift */ = {isa = PBXFileReference; lastKnownFileType = sourcecode.swift; path = RegisterViewModel.swift; sourceTree = "<group>"; };
		A656F21E285D996D0052EFB6 /* UserApiServices.swift */ = {isa = PBXFileReference; lastKnownFileType = sourcecode.swift; path = UserApiServices.swift; sourceTree = "<group>"; };
		A656F220285D9A640052EFB6 /* ApiServices.swift */ = {isa = PBXFileReference; lastKnownFileType = sourcecode.swift; path = ApiServices.swift; sourceTree = "<group>"; };
		A656F224285D9ADB0052EFB6 /* User.swift */ = {isa = PBXFileReference; lastKnownFileType = sourcecode.swift; path = User.swift; sourceTree = "<group>"; };
		A656F227285D9F9F0052EFB6 /* LoginView.swift */ = {isa = PBXFileReference; lastKnownFileType = sourcecode.swift; path = LoginView.swift; sourceTree = "<group>"; };
		A656F229285DB50D0052EFB6 /* UITextFieldExtension.swift */ = {isa = PBXFileReference; lastKnownFileType = sourcecode.swift; path = UITextFieldExtension.swift; sourceTree = "<group>"; };
		A656F22D285DE90A0052EFB6 /* WarningLabel.swift */ = {isa = PBXFileReference; lastKnownFileType = sourcecode.swift; path = WarningLabel.swift; sourceTree = "<group>"; };
		A656F22F285E2B270052EFB6 /* PINView.swift */ = {isa = PBXFileReference; lastKnownFileType = sourcecode.swift; path = PINView.swift; sourceTree = "<group>"; };
		A656F231285EB9640052EFB6 /* UserSession.swift */ = {isa = PBXFileReference; lastKnownFileType = sourcecode.swift; path = UserSession.swift; sourceTree = "<group>"; };
		A656F233285EBF840052EFB6 /* StringExtension.swift */ = {isa = PBXFileReference; lastKnownFileType = sourcecode.swift; path = StringExtension.swift; sourceTree = "<group>"; };
		A656F235285ED34D0052EFB6 /* TempDashboardViewController.swift */ = {isa = PBXFileReference; lastKnownFileType = sourcecode.swift; path = TempDashboardViewController.swift; sourceTree = "<group>"; };
		A656F237285F0F220052EFB6 /* UserDefaults.swift */ = {isa = PBXFileReference; lastKnownFileType = sourcecode.swift; path = UserDefaults.swift; sourceTree = "<group>"; };
		A656F239285F2C930052EFB6 /* RegisterView.swift */ = {isa = PBXFileReference; lastKnownFileType = sourcecode.swift; path = RegisterView.swift; sourceTree = "<group>"; };
		A656F23B285F4C9D0052EFB6 /* WelcomingAddMenuView.swift */ = {isa = PBXFileReference; lastKnownFileType = sourcecode.swift; path = WelcomingAddMenuView.swift; sourceTree = "<group>"; };
		A656F23D285F4F340052EFB6 /* RegisterPINViewController.swift */ = {isa = PBXFileReference; lastKnownFileType = sourcecode.swift; path = RegisterPINViewController.swift; sourceTree = "<group>"; };
		A656F23F285F4F440052EFB6 /* RegisterConfirmPINViewController.swift */ = {isa = PBXFileReference; lastKnownFileType = sourcecode.swift; path = RegisterConfirmPINViewController.swift; sourceTree = "<group>"; };
		A66510E9285B362F00297031 /* UIViewControllerExtension.swift */ = {isa = PBXFileReference; lastKnownFileType = sourcecode.swift; path = UIViewControllerExtension.swift; sourceTree = "<group>"; };
		A66510EB285B364900297031 /* UIViewExtension.swift */ = {isa = PBXFileReference; lastKnownFileType = sourcecode.swift; path = UIViewExtension.swift; sourceTree = "<group>"; };
		A66510ED285B3E3900297031 /* OnboardingData.swift */ = {isa = PBXFileReference; lastKnownFileType = sourcecode.swift; path = OnboardingData.swift; sourceTree = "<group>"; };
		A66510F1285B4D9400297031 /* OnboardingView.swift */ = {isa = PBXFileReference; lastKnownFileType = sourcecode.swift; path = OnboardingView.swift; sourceTree = "<group>"; };
		A6651106285B678600297031 /* Inter-Light.ttf */ = {isa = PBXFileReference; lastKnownFileType = file; path = "Inter-Light.ttf"; sourceTree = "<group>"; };
		A6651107285B678600297031 /* Inter-Medium.ttf */ = {isa = PBXFileReference; lastKnownFileType = file; path = "Inter-Medium.ttf"; sourceTree = "<group>"; };
		A6651108285B678600297031 /* Inter-ExtraBold.ttf */ = {isa = PBXFileReference; lastKnownFileType = file; path = "Inter-ExtraBold.ttf"; sourceTree = "<group>"; };
		A6651109285B678600297031 /* Inter-ExtraLight.ttf */ = {isa = PBXFileReference; lastKnownFileType = file; path = "Inter-ExtraLight.ttf"; sourceTree = "<group>"; };
		A665110A285B678600297031 /* Inter-Regular.ttf */ = {isa = PBXFileReference; lastKnownFileType = file; path = "Inter-Regular.ttf"; sourceTree = "<group>"; };
		A665110B285B678600297031 /* Inter-Bold.ttf */ = {isa = PBXFileReference; lastKnownFileType = file; path = "Inter-Bold.ttf"; sourceTree = "<group>"; };
		A665110C285B678600297031 /* Inter-Thin.ttf */ = {isa = PBXFileReference; lastKnownFileType = file; path = "Inter-Thin.ttf"; sourceTree = "<group>"; };
		A665110D285B678600297031 /* Inter-SemiBold.ttf */ = {isa = PBXFileReference; lastKnownFileType = file; path = "Inter-SemiBold.ttf"; sourceTree = "<group>"; };
		A665110E285B678600297031 /* Inter-Black.ttf */ = {isa = PBXFileReference; lastKnownFileType = file; path = "Inter-Black.ttf"; sourceTree = "<group>"; };
		A665111B285B8E1D00297031 /* Fonts.swift */ = {isa = PBXFileReference; lastKnownFileType = sourcecode.swift; path = Fonts.swift; sourceTree = "<group>"; };
		A6651122285B925F00297031 /* UIColorExtension.swift */ = {isa = PBXFileReference; lastKnownFileType = sourcecode.swift; path = UIColorExtension.swift; sourceTree = "<group>"; };
		A6651126285B98AB00297031 /* RegisterViewController.swift */ = {isa = PBXFileReference; lastKnownFileType = sourcecode.swift; path = RegisterViewController.swift; sourceTree = "<group>"; };
		A665112A285BAC6600297031 /* CustomButton.swift */ = {isa = PBXFileReference; lastKnownFileType = sourcecode.swift; path = CustomButton.swift; sourceTree = "<group>"; };
		A665112C285BADA600297031 /* LoginViewController.swift */ = {isa = PBXFileReference; lastKnownFileType = sourcecode.swift; path = LoginViewController.swift; sourceTree = "<group>"; };
		A665112E285C042B00297031 /* LoginPINViewController.swift */ = {isa = PBXFileReference; lastKnownFileType = sourcecode.swift; path = LoginPINViewController.swift; sourceTree = "<group>"; };
		A6651132285C081F00297031 /* WelcomingAddMenuViewController.swift */ = {isa = PBXFileReference; lastKnownFileType = sourcecode.swift; path = WelcomingAddMenuViewController.swift; sourceTree = "<group>"; };
		A6651134285C0D1D00297031 /* AddMenuScreenController.swift */ = {isa = PBXFileReference; lastKnownFileType = sourcecode.swift; path = AddMenuScreenController.swift; sourceTree = "<group>"; };
		A6651136285C0D5200297031 /* ListMenuScreenController.swift */ = {isa = PBXFileReference; lastKnownFileType = sourcecode.swift; path = ListMenuScreenController.swift; sourceTree = "<group>"; };
		A6E2723A2857708C00B5CF59 /* MagiCan.app */ = {isa = PBXFileReference; explicitFileType = wrapper.application; includeInIndex = 0; path = MagiCan.app; sourceTree = BUILT_PRODUCTS_DIR; };
		A6E2723D2857708C00B5CF59 /* AppDelegate.swift */ = {isa = PBXFileReference; lastKnownFileType = sourcecode.swift; path = AppDelegate.swift; sourceTree = "<group>"; };
		A6E2723F2857708C00B5CF59 /* SceneDelegate.swift */ = {isa = PBXFileReference; lastKnownFileType = sourcecode.swift; path = SceneDelegate.swift; sourceTree = "<group>"; };
		A6E272412857708C00B5CF59 /* OnboardingViewController.swift */ = {isa = PBXFileReference; lastKnownFileType = sourcecode.swift; path = OnboardingViewController.swift; sourceTree = "<group>"; };
		A6E272472857708C00B5CF59 /* MagiCan.xcdatamodel */ = {isa = PBXFileReference; lastKnownFileType = wrapper.xcdatamodel; path = MagiCan.xcdatamodel; sourceTree = "<group>"; };
		A6E272492857708E00B5CF59 /* Assets.xcassets */ = {isa = PBXFileReference; lastKnownFileType = folder.assetcatalog; path = Assets.xcassets; sourceTree = "<group>"; };
		A6E2724C2857708E00B5CF59 /* Base */ = {isa = PBXFileReference; lastKnownFileType = file.storyboard; name = Base; path = Base.lproj/LaunchScreen.storyboard; sourceTree = "<group>"; };
		A6E2724E2857708E00B5CF59 /* Info.plist */ = {isa = PBXFileReference; lastKnownFileType = text.plist.xml; path = Info.plist; sourceTree = "<group>"; };
		A6E272532857708E00B5CF59 /* MagiCanTests.xctest */ = {isa = PBXFileReference; explicitFileType = wrapper.cfbundle; includeInIndex = 0; path = MagiCanTests.xctest; sourceTree = BUILT_PRODUCTS_DIR; };
		A6E272572857708E00B5CF59 /* MagiCanTests.swift */ = {isa = PBXFileReference; lastKnownFileType = sourcecode.swift; path = MagiCanTests.swift; sourceTree = "<group>"; };
		A6E2725D2857708E00B5CF59 /* MagiCanUITests.xctest */ = {isa = PBXFileReference; explicitFileType = wrapper.cfbundle; includeInIndex = 0; path = MagiCanUITests.xctest; sourceTree = BUILT_PRODUCTS_DIR; };
		A6E272612857708E00B5CF59 /* MagiCanUITests.swift */ = {isa = PBXFileReference; lastKnownFileType = sourcecode.swift; path = MagiCanUITests.swift; sourceTree = "<group>"; };
		A6E272632857708E00B5CF59 /* MagiCanUITestsLaunchTests.swift */ = {isa = PBXFileReference; lastKnownFileType = sourcecode.swift; path = MagiCanUITestsLaunchTests.swift; sourceTree = "<group>"; };
/* End PBXFileReference section */

/* Begin PBXFrameworksBuildPhase section */
		A6E272372857708C00B5CF59 /* Frameworks */ = {
			isa = PBXFrameworksBuildPhase;
			buildActionMask = 2147483647;
			files = (
			);
			runOnlyForDeploymentPostprocessing = 0;
		};
		A6E272502857708E00B5CF59 /* Frameworks */ = {
			isa = PBXFrameworksBuildPhase;
			buildActionMask = 2147483647;
			files = (
			);
			runOnlyForDeploymentPostprocessing = 0;
		};
		A6E2725A2857708E00B5CF59 /* Frameworks */ = {
			isa = PBXFrameworksBuildPhase;
			buildActionMask = 2147483647;
			files = (
			);
			runOnlyForDeploymentPostprocessing = 0;
		};
/* End PBXFrameworksBuildPhase section */

/* Begin PBXGroup section */
		A656F20F285D744D0052EFB6 /* Authentication */ = {
			isa = PBXGroup;
			children = (
				A656F219285D970E0052EFB6 /* LoginViewModel.swift */,
				A656F21B285D972B0052EFB6 /* RegisterViewModel.swift */,
			);
			path = Authentication;
			sourceTree = "<group>";
		};
		A656F21D285D98A00052EFB6 /* Services */ = {
			isa = PBXGroup;
			children = (
				A656F21E285D996D0052EFB6 /* UserApiServices.swift */,
			);
			path = Services;
			sourceTree = "<group>";
		};
		A656F226285D9F830052EFB6 /* View */ = {
			isa = PBXGroup;
			children = (
				A66510F1285B4D9400297031 /* OnboardingView.swift */,
				A656F227285D9F9F0052EFB6 /* LoginView.swift */,
				A656F22F285E2B270052EFB6 /* PINView.swift */,
				A656F239285F2C930052EFB6 /* RegisterView.swift */,
				A656F23B285F4C9D0052EFB6 /* WelcomingAddMenuView.swift */,
				6086AF50286011640073B5BE /* DashboardView.swift */,
			);
			path = View;
			sourceTree = "<group>";
		};
		A66510E8285AFFC800297031 /* Utilities */ = {
			isa = PBXGroup;
			children = (
				A6651121285B924000297031 /* Extensions */,
			);
			path = Utilities;
			sourceTree = "<group>";
		};
		A66510EF285B4D3F00297031 /* Screens */ = {
			isa = PBXGroup;
			children = (
				A6651131285C080B00297031 /* Menu */,
				A6651130285C07FE00297031 /* Authentication */,
				A6E272412857708C00B5CF59 /* OnboardingViewController.swift */,
				A656F235285ED34D0052EFB6 /* TempDashboardViewController.swift */,
			);
			path = Screens;
			sourceTree = "<group>";
		};
		A66510F0285B4D4500297031 /* Components */ = {
			isa = PBXGroup;
			children = (
				A665112A285BAC6600297031 /* CustomButton.swift */,
				A656F211285D87290052EFB6 /* PrimaryButton.swift */,
				6086AF5228601EB80073B5BE /* SecondaryButton.swift */,
				A656F215285D8BE30052EFB6 /* HeadingFiveLabel.swift */,
				A656F217285D8EFC0052EFB6 /* RegularLabel.swift */,
				A656F22D285DE90A0052EFB6 /* WarningLabel.swift */,
				6086AF4C286010B60073B5BE /* CardKasUsaha.swift */,
				6086AF4E286010C20073B5BE /* DashboardPredictionSection.swift */,
				6086AF562860442E0073B5BE /* SemiBoldLabel.swift */,
			);
			path = Components;
			sourceTree = "<group>";
		};
		A66510F3285B674200297031 /* Fonts */ = {
			isa = PBXGroup;
			children = (
				A665110E285B678600297031 /* Inter-Black.ttf */,
				A665110B285B678600297031 /* Inter-Bold.ttf */,
				A6651108285B678600297031 /* Inter-ExtraBold.ttf */,
				A6651109285B678600297031 /* Inter-ExtraLight.ttf */,
				A6651106285B678600297031 /* Inter-Light.ttf */,
				A6651107285B678600297031 /* Inter-Medium.ttf */,
				A665110A285B678600297031 /* Inter-Regular.ttf */,
				A665110D285B678600297031 /* Inter-SemiBold.ttf */,
				A665110C285B678600297031 /* Inter-Thin.ttf */,
			);
			path = Fonts;
			sourceTree = "<group>";
		};
		A6651118285B88FC00297031 /* Constants */ = {
			isa = PBXGroup;
			children = (
				A66510ED285B3E3900297031 /* OnboardingData.swift */,
				A665111B285B8E1D00297031 /* Fonts.swift */,
				A656F220285D9A640052EFB6 /* ApiServices.swift */,
				A656F237285F0F220052EFB6 /* UserDefaults.swift */,
			);
			path = Constants;
			sourceTree = "<group>";
		};
		A6651121285B924000297031 /* Extensions */ = {
			isa = PBXGroup;
			children = (
				A66510E9285B362F00297031 /* UIViewControllerExtension.swift */,
				A66510EB285B364900297031 /* UIViewExtension.swift */,
				A6651122285B925F00297031 /* UIColorExtension.swift */,
				A656F1E9285C59710052EFB6 /* UIImageViewExtension.swift */,
				A656F229285DB50D0052EFB6 /* UITextFieldExtension.swift */,
				A656F233285EBF840052EFB6 /* StringExtension.swift */,
			);
			path = Extensions;
			sourceTree = "<group>";
		};
		A6651130285C07FE00297031 /* Authentication */ = {
			isa = PBXGroup;
			children = (
				A665112C285BADA600297031 /* LoginViewController.swift */,
				A665112E285C042B00297031 /* LoginPINViewController.swift */,
				A6651126285B98AB00297031 /* RegisterViewController.swift */,
				A656F23D285F4F340052EFB6 /* RegisterPINViewController.swift */,
				A656F23F285F4F440052EFB6 /* RegisterConfirmPINViewController.swift */,
			);
			path = Authentication;
			sourceTree = "<group>";
		};
		A6651131285C080B00297031 /* Menu */ = {
			isa = PBXGroup;
			children = (
				A6651132285C081F00297031 /* WelcomingAddMenuViewController.swift */,
				A6651134285C0D1D00297031 /* AddMenuScreenController.swift */,
				A6651136285C0D5200297031 /* ListMenuScreenController.swift */,
			);
			path = Menu;
			sourceTree = "<group>";
		};
		A6E272312857708C00B5CF59 = {
			isa = PBXGroup;
			children = (
				A6E2723C2857708C00B5CF59 /* MagiCan */,
				A6E272562857708E00B5CF59 /* MagiCanTests */,
				A6E272602857708E00B5CF59 /* MagiCanUITests */,
				A6E2723B2857708C00B5CF59 /* Products */,
			);
			sourceTree = "<group>";
		};
		A6E2723B2857708C00B5CF59 /* Products */ = {
			isa = PBXGroup;
			children = (
				A6E2723A2857708C00B5CF59 /* MagiCan.app */,
				A6E272532857708E00B5CF59 /* MagiCanTests.xctest */,
				A6E2725D2857708E00B5CF59 /* MagiCanUITests.xctest */,
			);
			name = Products;
			sourceTree = "<group>";
		};
		A6E2723C2857708C00B5CF59 /* MagiCan */ = {
			isa = PBXGroup;
			children = (
				A66510F3285B674200297031 /* Fonts */,
				A6651118285B88FC00297031 /* Constants */,
				A66510E8285AFFC800297031 /* Utilities */,
				A656F21D285D98A00052EFB6 /* Services */,
				A6E272702857770600B5CF59 /* Models */,
				A6E272722857771F00B5CF59 /* Views */,
				A6E272712857770D00B5CF59 /* ViewModels */,
				A6E2723D2857708C00B5CF59 /* AppDelegate.swift */,
				A6E2723F2857708C00B5CF59 /* SceneDelegate.swift */,
				A6E272492857708E00B5CF59 /* Assets.xcassets */,
				A6E2724B2857708E00B5CF59 /* LaunchScreen.storyboard */,
				A6E2724E2857708E00B5CF59 /* Info.plist */,
				A6E272462857708C00B5CF59 /* MagiCan.xcdatamodeld */,
			);
			path = MagiCan;
			sourceTree = "<group>";
		};
		A6E272562857708E00B5CF59 /* MagiCanTests */ = {
			isa = PBXGroup;
			children = (
				A6E272572857708E00B5CF59 /* MagiCanTests.swift */,
			);
			path = MagiCanTests;
			sourceTree = "<group>";
		};
		A6E272602857708E00B5CF59 /* MagiCanUITests */ = {
			isa = PBXGroup;
			children = (
				A6E272612857708E00B5CF59 /* MagiCanUITests.swift */,
				A6E272632857708E00B5CF59 /* MagiCanUITestsLaunchTests.swift */,
			);
			path = MagiCanUITests;
			sourceTree = "<group>";
		};
		A6E272702857770600B5CF59 /* Models */ = {
			isa = PBXGroup;
			children = (
				A656F224285D9ADB0052EFB6 /* User.swift */,
				A656F231285EB9640052EFB6 /* UserSession.swift */,
			);
			path = Models;
			sourceTree = "<group>";
		};
		A6E272712857770D00B5CF59 /* ViewModels */ = {
			isa = PBXGroup;
			children = (
				A656F20F285D744D0052EFB6 /* Authentication */,
			);
			path = ViewModels;
			sourceTree = "<group>";
		};
		A6E272722857771F00B5CF59 /* Views */ = {
			isa = PBXGroup;
			children = (
				A66510F0285B4D4500297031 /* Components */,
				A656F226285D9F830052EFB6 /* View */,
				A66510EF285B4D3F00297031 /* Screens */,
			);
			path = Views;
			sourceTree = "<group>";
		};
/* End PBXGroup section */

/* Begin PBXNativeTarget section */
		A6E272392857708C00B5CF59 /* MagiCan */ = {
			isa = PBXNativeTarget;
			buildConfigurationList = A6E272672857708E00B5CF59 /* Build configuration list for PBXNativeTarget "MagiCan" */;
			buildPhases = (
				A6E272362857708C00B5CF59 /* Sources */,
				A6E272372857708C00B5CF59 /* Frameworks */,
				A6E272382857708C00B5CF59 /* Resources */,
			);
			buildRules = (
			);
			dependencies = (
			);
			name = MagiCan;
			productName = MagiCan;
			productReference = A6E2723A2857708C00B5CF59 /* MagiCan.app */;
			productType = "com.apple.product-type.application";
		};
		A6E272522857708E00B5CF59 /* MagiCanTests */ = {
			isa = PBXNativeTarget;
			buildConfigurationList = A6E2726A2857708E00B5CF59 /* Build configuration list for PBXNativeTarget "MagiCanTests" */;
			buildPhases = (
				A6E2724F2857708E00B5CF59 /* Sources */,
				A6E272502857708E00B5CF59 /* Frameworks */,
				A6E272512857708E00B5CF59 /* Resources */,
			);
			buildRules = (
			);
			dependencies = (
				A6E272552857708E00B5CF59 /* PBXTargetDependency */,
			);
			name = MagiCanTests;
			productName = MagiCanTests;
			productReference = A6E272532857708E00B5CF59 /* MagiCanTests.xctest */;
			productType = "com.apple.product-type.bundle.unit-test";
		};
		A6E2725C2857708E00B5CF59 /* MagiCanUITests */ = {
			isa = PBXNativeTarget;
			buildConfigurationList = A6E2726D2857708E00B5CF59 /* Build configuration list for PBXNativeTarget "MagiCanUITests" */;
			buildPhases = (
				A6E272592857708E00B5CF59 /* Sources */,
				A6E2725A2857708E00B5CF59 /* Frameworks */,
				A6E2725B2857708E00B5CF59 /* Resources */,
			);
			buildRules = (
			);
			dependencies = (
				A6E2725F2857708E00B5CF59 /* PBXTargetDependency */,
			);
			name = MagiCanUITests;
			productName = MagiCanUITests;
			productReference = A6E2725D2857708E00B5CF59 /* MagiCanUITests.xctest */;
			productType = "com.apple.product-type.bundle.ui-testing";
		};
/* End PBXNativeTarget section */

/* Begin PBXProject section */
		A6E272322857708C00B5CF59 /* Project object */ = {
			isa = PBXProject;
			attributes = {
				BuildIndependentTargetsInParallel = 1;
				LastSwiftUpdateCheck = 1330;
				LastUpgradeCheck = 1330;
				TargetAttributes = {
					A6E272392857708C00B5CF59 = {
						CreatedOnToolsVersion = 13.3;
					};
					A6E272522857708E00B5CF59 = {
						CreatedOnToolsVersion = 13.3;
						TestTargetID = A6E272392857708C00B5CF59;
					};
					A6E2725C2857708E00B5CF59 = {
						CreatedOnToolsVersion = 13.3;
						TestTargetID = A6E272392857708C00B5CF59;
					};
				};
			};
			buildConfigurationList = A6E272352857708C00B5CF59 /* Build configuration list for PBXProject "MagiCan" */;
			compatibilityVersion = "Xcode 13.0";
			developmentRegion = en;
			hasScannedForEncodings = 0;
			knownRegions = (
				en,
				Base,
			);
			mainGroup = A6E272312857708C00B5CF59;
			productRefGroup = A6E2723B2857708C00B5CF59 /* Products */;
			projectDirPath = "";
			projectRoot = "";
			targets = (
				A6E272392857708C00B5CF59 /* MagiCan */,
				A6E272522857708E00B5CF59 /* MagiCanTests */,
				A6E2725C2857708E00B5CF59 /* MagiCanUITests */,
			);
		};
/* End PBXProject section */

/* Begin PBXResourcesBuildPhase section */
		A6E272382857708C00B5CF59 /* Resources */ = {
			isa = PBXResourcesBuildPhase;
			buildActionMask = 2147483647;
			files = (
				A6651111285B678600297031 /* Inter-ExtraBold.ttf in Resources */,
				A6651112285B678600297031 /* Inter-ExtraLight.ttf in Resources */,
				A6651115285B678600297031 /* Inter-Thin.ttf in Resources */,
				A6651114285B678600297031 /* Inter-Bold.ttf in Resources */,
				A6651110285B678600297031 /* Inter-Medium.ttf in Resources */,
				A6E2724D2857708E00B5CF59 /* LaunchScreen.storyboard in Resources */,
				A6651117285B678600297031 /* Inter-Black.ttf in Resources */,
				A665110F285B678600297031 /* Inter-Light.ttf in Resources */,
				A6E2724A2857708E00B5CF59 /* Assets.xcassets in Resources */,
				A6651116285B678600297031 /* Inter-SemiBold.ttf in Resources */,
				A6651113285B678600297031 /* Inter-Regular.ttf in Resources */,
			);
			runOnlyForDeploymentPostprocessing = 0;
		};
		A6E272512857708E00B5CF59 /* Resources */ = {
			isa = PBXResourcesBuildPhase;
			buildActionMask = 2147483647;
			files = (
			);
			runOnlyForDeploymentPostprocessing = 0;
		};
		A6E2725B2857708E00B5CF59 /* Resources */ = {
			isa = PBXResourcesBuildPhase;
			buildActionMask = 2147483647;
			files = (
			);
			runOnlyForDeploymentPostprocessing = 0;
		};
/* End PBXResourcesBuildPhase section */

/* Begin PBXSourcesBuildPhase section */
		A6E272362857708C00B5CF59 /* Sources */ = {
			isa = PBXSourcesBuildPhase;
			buildActionMask = 2147483647;
			files = (
				A66510EC285B364900297031 /* UIViewExtension.swift in Sources */,
				A6E272482857708C00B5CF59 /* MagiCan.xcdatamodeld in Sources */,
				A656F21A285D970E0052EFB6 /* LoginViewModel.swift in Sources */,
				A6651127285B98AB00297031 /* RegisterViewController.swift in Sources */,
				A656F234285EBF840052EFB6 /* StringExtension.swift in Sources */,
				6086AF572860442E0073B5BE /* SemiBoldLabel.swift in Sources */,
				A656F23E285F4F340052EFB6 /* RegisterPINViewController.swift in Sources */,
				A665112D285BADA600297031 /* LoginViewController.swift in Sources */,
				A66510EA285B362F00297031 /* UIViewControllerExtension.swift in Sources */,
				A66510F2285B4D9400297031 /* OnboardingView.swift in Sources */,
				A6E272422857708C00B5CF59 /* OnboardingViewController.swift in Sources */,
				A656F236285ED34D0052EFB6 /* TempDashboardViewController.swift in Sources */,
				6086AF51286011640073B5BE /* DashboardView.swift in Sources */,
				A66510EE285B3E3900297031 /* OnboardingData.swift in Sources */,
				A656F22A285DB50D0052EFB6 /* UITextFieldExtension.swift in Sources */,
				A6E2723E2857708C00B5CF59 /* AppDelegate.swift in Sources */,
				A656F221285D9A640052EFB6 /* ApiServices.swift in Sources */,
				A656F230285E2B270052EFB6 /* PINView.swift in Sources */,
				A665112B285BAC6600297031 /* CustomButton.swift in Sources */,
				A6651135285C0D1D00297031 /* AddMenuScreenController.swift in Sources */,
				6086AF4F286010C20073B5BE /* DashboardPredictionSection.swift in Sources */,
				A6651123285B925F00297031 /* UIColorExtension.swift in Sources */,
				A665111C285B8E1D00297031 /* Fonts.swift in Sources */,
				A6E272402857708C00B5CF59 /* SceneDelegate.swift in Sources */,
				A656F1EA285C59710052EFB6 /* UIImageViewExtension.swift in Sources */,
				6086AF5328601EB80073B5BE /* SecondaryButton.swift in Sources */,
				A656F216285D8BE30052EFB6 /* HeadingFiveLabel.swift in Sources */,
				A656F238285F0F220052EFB6 /* UserDefaults.swift in Sources */,
				A656F240285F4F440052EFB6 /* RegisterConfirmPINViewController.swift in Sources */,
				A656F232285EB9640052EFB6 /* UserSession.swift in Sources */,
				A656F225285D9ADB0052EFB6 /* User.swift in Sources */,
				A665112F285C042B00297031 /* LoginPINViewController.swift in Sources */,
				6086AF4D286010B60073B5BE /* CardKasUsaha.swift in Sources */,
				A656F218285D8EFC0052EFB6 /* RegularLabel.swift in Sources */,
				A656F228285D9F9F0052EFB6 /* LoginView.swift in Sources */,
				A656F22E285DE90A0052EFB6 /* WarningLabel.swift in Sources */,
				A656F212285D87290052EFB6 /* PrimaryButton.swift in Sources */,
				A6651137285C0D5200297031 /* ListMenuScreenController.swift in Sources */,
				A656F23C285F4C9D0052EFB6 /* WelcomingAddMenuView.swift in Sources */,
				A656F23A285F2C930052EFB6 /* RegisterView.swift in Sources */,
				A656F21F285D996D0052EFB6 /* UserApiServices.swift in Sources */,
				A6651133285C081F00297031 /* WelcomingAddMenuViewController.swift in Sources */,
				A656F21C285D972B0052EFB6 /* RegisterViewModel.swift in Sources */,
			);
			runOnlyForDeploymentPostprocessing = 0;
		};
		A6E2724F2857708E00B5CF59 /* Sources */ = {
			isa = PBXSourcesBuildPhase;
			buildActionMask = 2147483647;
			files = (
				A6E272582857708E00B5CF59 /* MagiCanTests.swift in Sources */,
			);
			runOnlyForDeploymentPostprocessing = 0;
		};
		A6E272592857708E00B5CF59 /* Sources */ = {
			isa = PBXSourcesBuildPhase;
			buildActionMask = 2147483647;
			files = (
				A6E272622857708E00B5CF59 /* MagiCanUITests.swift in Sources */,
				A6E272642857708E00B5CF59 /* MagiCanUITestsLaunchTests.swift in Sources */,
			);
			runOnlyForDeploymentPostprocessing = 0;
		};
/* End PBXSourcesBuildPhase section */

/* Begin PBXTargetDependency section */
		A6E272552857708E00B5CF59 /* PBXTargetDependency */ = {
			isa = PBXTargetDependency;
			target = A6E272392857708C00B5CF59 /* MagiCan */;
			targetProxy = A6E272542857708E00B5CF59 /* PBXContainerItemProxy */;
		};
		A6E2725F2857708E00B5CF59 /* PBXTargetDependency */ = {
			isa = PBXTargetDependency;
			target = A6E272392857708C00B5CF59 /* MagiCan */;
			targetProxy = A6E2725E2857708E00B5CF59 /* PBXContainerItemProxy */;
		};
/* End PBXTargetDependency section */

/* Begin PBXVariantGroup section */
		A6E2724B2857708E00B5CF59 /* LaunchScreen.storyboard */ = {
			isa = PBXVariantGroup;
			children = (
				A6E2724C2857708E00B5CF59 /* Base */,
			);
			name = LaunchScreen.storyboard;
			sourceTree = "<group>";
		};
/* End PBXVariantGroup section */

/* Begin XCBuildConfiguration section */
		A6E272652857708E00B5CF59 /* Debug */ = {
			isa = XCBuildConfiguration;
			buildSettings = {
				ALWAYS_SEARCH_USER_PATHS = NO;
				CLANG_ANALYZER_NONNULL = YES;
				CLANG_ANALYZER_NUMBER_OBJECT_CONVERSION = YES_AGGRESSIVE;
				CLANG_CXX_LANGUAGE_STANDARD = "gnu++17";
				CLANG_ENABLE_MODULES = YES;
				CLANG_ENABLE_OBJC_ARC = YES;
				CLANG_ENABLE_OBJC_WEAK = YES;
				CLANG_WARN_BLOCK_CAPTURE_AUTORELEASING = YES;
				CLANG_WARN_BOOL_CONVERSION = YES;
				CLANG_WARN_COMMA = YES;
				CLANG_WARN_CONSTANT_CONVERSION = YES;
				CLANG_WARN_DEPRECATED_OBJC_IMPLEMENTATIONS = YES;
				CLANG_WARN_DIRECT_OBJC_ISA_USAGE = YES_ERROR;
				CLANG_WARN_DOCUMENTATION_COMMENTS = YES;
				CLANG_WARN_EMPTY_BODY = YES;
				CLANG_WARN_ENUM_CONVERSION = YES;
				CLANG_WARN_INFINITE_RECURSION = YES;
				CLANG_WARN_INT_CONVERSION = YES;
				CLANG_WARN_NON_LITERAL_NULL_CONVERSION = YES;
				CLANG_WARN_OBJC_IMPLICIT_RETAIN_SELF = YES;
				CLANG_WARN_OBJC_LITERAL_CONVERSION = YES;
				CLANG_WARN_OBJC_ROOT_CLASS = YES_ERROR;
				CLANG_WARN_QUOTED_INCLUDE_IN_FRAMEWORK_HEADER = YES;
				CLANG_WARN_RANGE_LOOP_ANALYSIS = YES;
				CLANG_WARN_STRICT_PROTOTYPES = YES;
				CLANG_WARN_SUSPICIOUS_MOVE = YES;
				CLANG_WARN_UNGUARDED_AVAILABILITY = YES_AGGRESSIVE;
				CLANG_WARN_UNREACHABLE_CODE = YES;
				CLANG_WARN__DUPLICATE_METHOD_MATCH = YES;
				COPY_PHASE_STRIP = NO;
				DEBUG_INFORMATION_FORMAT = dwarf;
				ENABLE_STRICT_OBJC_MSGSEND = YES;
				ENABLE_TESTABILITY = YES;
				GCC_C_LANGUAGE_STANDARD = gnu11;
				GCC_DYNAMIC_NO_PIC = NO;
				GCC_NO_COMMON_BLOCKS = YES;
				GCC_OPTIMIZATION_LEVEL = 0;
				GCC_PREPROCESSOR_DEFINITIONS = (
					"DEBUG=1",
					"$(inherited)",
				);
				GCC_WARN_64_TO_32_BIT_CONVERSION = YES;
				GCC_WARN_ABOUT_RETURN_TYPE = YES_ERROR;
				GCC_WARN_UNDECLARED_SELECTOR = YES;
				GCC_WARN_UNINITIALIZED_AUTOS = YES_AGGRESSIVE;
				GCC_WARN_UNUSED_FUNCTION = YES;
				GCC_WARN_UNUSED_VARIABLE = YES;
				IPHONEOS_DEPLOYMENT_TARGET = 15.4;
				MTL_ENABLE_DEBUG_INFO = INCLUDE_SOURCE;
				MTL_FAST_MATH = YES;
				ONLY_ACTIVE_ARCH = YES;
				SDKROOT = iphoneos;
				SWIFT_ACTIVE_COMPILATION_CONDITIONS = DEBUG;
				SWIFT_OPTIMIZATION_LEVEL = "-Onone";
			};
			name = Debug;
		};
		A6E272662857708E00B5CF59 /* Release */ = {
			isa = XCBuildConfiguration;
			buildSettings = {
				ALWAYS_SEARCH_USER_PATHS = NO;
				CLANG_ANALYZER_NONNULL = YES;
				CLANG_ANALYZER_NUMBER_OBJECT_CONVERSION = YES_AGGRESSIVE;
				CLANG_CXX_LANGUAGE_STANDARD = "gnu++17";
				CLANG_ENABLE_MODULES = YES;
				CLANG_ENABLE_OBJC_ARC = YES;
				CLANG_ENABLE_OBJC_WEAK = YES;
				CLANG_WARN_BLOCK_CAPTURE_AUTORELEASING = YES;
				CLANG_WARN_BOOL_CONVERSION = YES;
				CLANG_WARN_COMMA = YES;
				CLANG_WARN_CONSTANT_CONVERSION = YES;
				CLANG_WARN_DEPRECATED_OBJC_IMPLEMENTATIONS = YES;
				CLANG_WARN_DIRECT_OBJC_ISA_USAGE = YES_ERROR;
				CLANG_WARN_DOCUMENTATION_COMMENTS = YES;
				CLANG_WARN_EMPTY_BODY = YES;
				CLANG_WARN_ENUM_CONVERSION = YES;
				CLANG_WARN_INFINITE_RECURSION = YES;
				CLANG_WARN_INT_CONVERSION = YES;
				CLANG_WARN_NON_LITERAL_NULL_CONVERSION = YES;
				CLANG_WARN_OBJC_IMPLICIT_RETAIN_SELF = YES;
				CLANG_WARN_OBJC_LITERAL_CONVERSION = YES;
				CLANG_WARN_OBJC_ROOT_CLASS = YES_ERROR;
				CLANG_WARN_QUOTED_INCLUDE_IN_FRAMEWORK_HEADER = YES;
				CLANG_WARN_RANGE_LOOP_ANALYSIS = YES;
				CLANG_WARN_STRICT_PROTOTYPES = YES;
				CLANG_WARN_SUSPICIOUS_MOVE = YES;
				CLANG_WARN_UNGUARDED_AVAILABILITY = YES_AGGRESSIVE;
				CLANG_WARN_UNREACHABLE_CODE = YES;
				CLANG_WARN__DUPLICATE_METHOD_MATCH = YES;
				COPY_PHASE_STRIP = NO;
				DEBUG_INFORMATION_FORMAT = "dwarf-with-dsym";
				ENABLE_NS_ASSERTIONS = NO;
				ENABLE_STRICT_OBJC_MSGSEND = YES;
				GCC_C_LANGUAGE_STANDARD = gnu11;
				GCC_NO_COMMON_BLOCKS = YES;
				GCC_WARN_64_TO_32_BIT_CONVERSION = YES;
				GCC_WARN_ABOUT_RETURN_TYPE = YES_ERROR;
				GCC_WARN_UNDECLARED_SELECTOR = YES;
				GCC_WARN_UNINITIALIZED_AUTOS = YES_AGGRESSIVE;
				GCC_WARN_UNUSED_FUNCTION = YES;
				GCC_WARN_UNUSED_VARIABLE = YES;
				IPHONEOS_DEPLOYMENT_TARGET = 15.4;
				MTL_ENABLE_DEBUG_INFO = NO;
				MTL_FAST_MATH = YES;
				SDKROOT = iphoneos;
				SWIFT_COMPILATION_MODE = wholemodule;
				SWIFT_OPTIMIZATION_LEVEL = "-O";
				VALIDATE_PRODUCT = YES;
			};
			name = Release;
		};
		A6E272682857708E00B5CF59 /* Debug */ = {
			isa = XCBuildConfiguration;
			buildSettings = {
				ASSETCATALOG_COMPILER_APPICON_NAME = AppIcon;
				ASSETCATALOG_COMPILER_GLOBAL_ACCENT_COLOR_NAME = AccentColor;
				CODE_SIGN_STYLE = Automatic;
				CURRENT_PROJECT_VERSION = 1;
				DEVELOPMENT_TEAM = STRZD6QZ7M;
				GENERATE_INFOPLIST_FILE = YES;
				INFOPLIST_FILE = MagiCan/Info.plist;
				INFOPLIST_KEY_UIApplicationSupportsIndirectInputEvents = YES;
				INFOPLIST_KEY_UILaunchStoryboardName = LaunchScreen;
				INFOPLIST_KEY_UISupportedInterfaceOrientations = UIInterfaceOrientationPortrait;
				INFOPLIST_KEY_UISupportedInterfaceOrientations_iPad = "UIInterfaceOrientationPortrait UIInterfaceOrientationPortraitUpsideDown UIInterfaceOrientationLandscapeLeft UIInterfaceOrientationLandscapeRight";
				INFOPLIST_KEY_UISupportedInterfaceOrientations_iPhone = "UIInterfaceOrientationPortrait UIInterfaceOrientationLandscapeLeft UIInterfaceOrientationLandscapeRight";
				LD_RUNPATH_SEARCH_PATHS = (
					"$(inherited)",
					"@executable_path/Frameworks",
				);
				MARKETING_VERSION = 1.0;
				PRODUCT_BUNDLE_IDENTIFIER = tech.sen.MagiCan;
				PRODUCT_NAME = "$(TARGET_NAME)";
				SWIFT_EMIT_LOC_STRINGS = YES;
				SWIFT_VERSION = 5.0;
				TARGETED_DEVICE_FAMILY = "1,2";
			};
			name = Debug;
		};
		A6E272692857708E00B5CF59 /* Release */ = {
			isa = XCBuildConfiguration;
			buildSettings = {
				ASSETCATALOG_COMPILER_APPICON_NAME = AppIcon;
				ASSETCATALOG_COMPILER_GLOBAL_ACCENT_COLOR_NAME = AccentColor;
				CODE_SIGN_STYLE = Automatic;
				CURRENT_PROJECT_VERSION = 1;
				DEVELOPMENT_TEAM = STRZD6QZ7M;
				GENERATE_INFOPLIST_FILE = YES;
				INFOPLIST_FILE = MagiCan/Info.plist;
				INFOPLIST_KEY_UIApplicationSupportsIndirectInputEvents = YES;
				INFOPLIST_KEY_UILaunchStoryboardName = LaunchScreen;
				INFOPLIST_KEY_UISupportedInterfaceOrientations = UIInterfaceOrientationPortrait;
				INFOPLIST_KEY_UISupportedInterfaceOrientations_iPad = "UIInterfaceOrientationPortrait UIInterfaceOrientationPortraitUpsideDown UIInterfaceOrientationLandscapeLeft UIInterfaceOrientationLandscapeRight";
				INFOPLIST_KEY_UISupportedInterfaceOrientations_iPhone = "UIInterfaceOrientationPortrait UIInterfaceOrientationLandscapeLeft UIInterfaceOrientationLandscapeRight";
				LD_RUNPATH_SEARCH_PATHS = (
					"$(inherited)",
					"@executable_path/Frameworks",
				);
				MARKETING_VERSION = 1.0;
				PRODUCT_BUNDLE_IDENTIFIER = tech.sen.MagiCan;
				PRODUCT_NAME = "$(TARGET_NAME)";
				SWIFT_EMIT_LOC_STRINGS = YES;
				SWIFT_VERSION = 5.0;
				TARGETED_DEVICE_FAMILY = "1,2";
			};
			name = Release;
		};
		A6E2726B2857708E00B5CF59 /* Debug */ = {
			isa = XCBuildConfiguration;
			buildSettings = {
				ALWAYS_EMBED_SWIFT_STANDARD_LIBRARIES = YES;
				BUNDLE_LOADER = "$(TEST_HOST)";
				CODE_SIGN_STYLE = Automatic;
				CURRENT_PROJECT_VERSION = 1;
				DEVELOPMENT_TEAM = STRZD6QZ7M;
				GENERATE_INFOPLIST_FILE = YES;
				IPHONEOS_DEPLOYMENT_TARGET = 15.4;
				MARKETING_VERSION = 1.0;
				PRODUCT_BUNDLE_IDENTIFIER = tech.sen.MagiCanTests;
				PRODUCT_NAME = "$(TARGET_NAME)";
				SWIFT_EMIT_LOC_STRINGS = NO;
				SWIFT_VERSION = 5.0;
				TARGETED_DEVICE_FAMILY = "1,2";
				TEST_HOST = "$(BUILT_PRODUCTS_DIR)/MagiCan.app/MagiCan";
			};
			name = Debug;
		};
		A6E2726C2857708E00B5CF59 /* Release */ = {
			isa = XCBuildConfiguration;
			buildSettings = {
				ALWAYS_EMBED_SWIFT_STANDARD_LIBRARIES = YES;
				BUNDLE_LOADER = "$(TEST_HOST)";
				CODE_SIGN_STYLE = Automatic;
				CURRENT_PROJECT_VERSION = 1;
				DEVELOPMENT_TEAM = STRZD6QZ7M;
				GENERATE_INFOPLIST_FILE = YES;
				IPHONEOS_DEPLOYMENT_TARGET = 15.4;
				MARKETING_VERSION = 1.0;
				PRODUCT_BUNDLE_IDENTIFIER = tech.sen.MagiCanTests;
				PRODUCT_NAME = "$(TARGET_NAME)";
				SWIFT_EMIT_LOC_STRINGS = NO;
				SWIFT_VERSION = 5.0;
				TARGETED_DEVICE_FAMILY = "1,2";
				TEST_HOST = "$(BUILT_PRODUCTS_DIR)/MagiCan.app/MagiCan";
			};
			name = Release;
		};
		A6E2726E2857708E00B5CF59 /* Debug */ = {
			isa = XCBuildConfiguration;
			buildSettings = {
				ALWAYS_EMBED_SWIFT_STANDARD_LIBRARIES = YES;
				CODE_SIGN_STYLE = Automatic;
				CURRENT_PROJECT_VERSION = 1;
				DEVELOPMENT_TEAM = STRZD6QZ7M;
				GENERATE_INFOPLIST_FILE = YES;
				MARKETING_VERSION = 1.0;
				PRODUCT_BUNDLE_IDENTIFIER = tech.sen.MagiCanUITests;
				PRODUCT_NAME = "$(TARGET_NAME)";
				SWIFT_EMIT_LOC_STRINGS = NO;
				SWIFT_VERSION = 5.0;
				TARGETED_DEVICE_FAMILY = "1,2";
				TEST_TARGET_NAME = MagiCan;
			};
			name = Debug;
		};
		A6E2726F2857708E00B5CF59 /* Release */ = {
			isa = XCBuildConfiguration;
			buildSettings = {
				ALWAYS_EMBED_SWIFT_STANDARD_LIBRARIES = YES;
				CODE_SIGN_STYLE = Automatic;
				CURRENT_PROJECT_VERSION = 1;
				DEVELOPMENT_TEAM = STRZD6QZ7M;
				GENERATE_INFOPLIST_FILE = YES;
				MARKETING_VERSION = 1.0;
				PRODUCT_BUNDLE_IDENTIFIER = tech.sen.MagiCanUITests;
				PRODUCT_NAME = "$(TARGET_NAME)";
				SWIFT_EMIT_LOC_STRINGS = NO;
				SWIFT_VERSION = 5.0;
				TARGETED_DEVICE_FAMILY = "1,2";
				TEST_TARGET_NAME = MagiCan;
			};
			name = Release;
		};
/* End XCBuildConfiguration section */

/* Begin XCConfigurationList section */
		A6E272352857708C00B5CF59 /* Build configuration list for PBXProject "MagiCan" */ = {
			isa = XCConfigurationList;
			buildConfigurations = (
				A6E272652857708E00B5CF59 /* Debug */,
				A6E272662857708E00B5CF59 /* Release */,
			);
			defaultConfigurationIsVisible = 0;
			defaultConfigurationName = Release;
		};
		A6E272672857708E00B5CF59 /* Build configuration list for PBXNativeTarget "MagiCan" */ = {
			isa = XCConfigurationList;
			buildConfigurations = (
				A6E272682857708E00B5CF59 /* Debug */,
				A6E272692857708E00B5CF59 /* Release */,
			);
			defaultConfigurationIsVisible = 0;
			defaultConfigurationName = Release;
		};
		A6E2726A2857708E00B5CF59 /* Build configuration list for PBXNativeTarget "MagiCanTests" */ = {
			isa = XCConfigurationList;
			buildConfigurations = (
				A6E2726B2857708E00B5CF59 /* Debug */,
				A6E2726C2857708E00B5CF59 /* Release */,
			);
			defaultConfigurationIsVisible = 0;
			defaultConfigurationName = Release;
		};
		A6E2726D2857708E00B5CF59 /* Build configuration list for PBXNativeTarget "MagiCanUITests" */ = {
			isa = XCConfigurationList;
			buildConfigurations = (
				A6E2726E2857708E00B5CF59 /* Debug */,
				A6E2726F2857708E00B5CF59 /* Release */,
			);
			defaultConfigurationIsVisible = 0;
			defaultConfigurationName = Release;
		};
/* End XCConfigurationList section */

/* Begin XCVersionGroup section */
		A6E272462857708C00B5CF59 /* MagiCan.xcdatamodeld */ = {
			isa = XCVersionGroup;
			children = (
				A6E272472857708C00B5CF59 /* MagiCan.xcdatamodel */,
			);
			currentVersion = A6E272472857708C00B5CF59 /* MagiCan.xcdatamodel */;
			path = MagiCan.xcdatamodeld;
			sourceTree = "<group>";
			versionGroupType = wrapper.xcdatamodel;
		};
/* End XCVersionGroup section */
	};
	rootObject = A6E272322857708C00B5CF59 /* Project object */;
}
