// !$*UTF8*$!
{
	archiveVersion = 1;
	classes = {
	};
	objectVersion = 55;
	objects = {

/* Begin PBXBuildFile section */
		6009916328677B0F00B30C63 /* DashboardViewController.swift in Sources */ = {isa = PBXBuildFile; fileRef = 6009916228677B0F00B30C63 /* DashboardViewController.swift */; };
		600991652867912600B30C63 /* StatistikPemasukanViewController.swift in Sources */ = {isa = PBXBuildFile; fileRef = 600991642867912600B30C63 /* StatistikPemasukanViewController.swift */; };
		6012B1062863077200A89E4D /* CardPrediksiPenjualanItem.swift in Sources */ = {isa = PBXBuildFile; fileRef = 6012B1052863077200A89E4D /* CardPrediksiPenjualanItem.swift */; };
		6012B10828630E0100A89E4D /* CardMenuAndalanItem.swift in Sources */ = {isa = PBXBuildFile; fileRef = 6012B10728630E0100A89E4D /* CardMenuAndalanItem.swift */; };
		6012B10A28630E1D00A89E4D /* CardPrediksiPenjualan.swift in Sources */ = {isa = PBXBuildFile; fileRef = 6012B10928630E1D00A89E4D /* CardPrediksiPenjualan.swift */; };
		6012B10C28630E3000A89E4D /* CardMenuAndalan.swift in Sources */ = {isa = PBXBuildFile; fileRef = 6012B10B28630E3000A89E4D /* CardMenuAndalan.swift */; };
		60570616286220B300BE93ED /* StatistikPemasukanView.swift in Sources */ = {isa = PBXBuildFile; fileRef = 60570615286220B300BE93ED /* StatistikPemasukanView.swift */; };
		60570618286220C700BE93ED /* StatistikPengeluaranView.swift in Sources */ = {isa = PBXBuildFile; fileRef = 60570617286220C700BE93ED /* StatistikPengeluaranView.swift */; };
		6057061A2862210700BE93ED /* ProfileView.swift in Sources */ = {isa = PBXBuildFile; fileRef = 605706192862210700BE93ED /* ProfileView.swift */; };
		6057061C2862232D00BE93ED /* CardEmptyStateStatistik.swift in Sources */ = {isa = PBXBuildFile; fileRef = 6057061B2862232D00BE93ED /* CardEmptyStateStatistik.swift */; };
		6057061E28622EE900BE93ED /* StatistikKeuntunganView.swift in Sources */ = {isa = PBXBuildFile; fileRef = 6057061D28622EE900BE93ED /* StatistikKeuntunganView.swift */; };
		605C2E582864DAB500A019F7 /* LineChart.swift in Sources */ = {isa = PBXBuildFile; fileRef = 605C2E572864DAB500A019F7 /* LineChart.swift */; };
		60682FA22868B8F80011716A /* StatistikPengeluaranViewController.swift in Sources */ = {isa = PBXBuildFile; fileRef = 60682FA12868B8F80011716A /* StatistikPengeluaranViewController.swift */; };
		60682FA42868B91C0011716A /* StatistikKeuntunganViewController.swift in Sources */ = {isa = PBXBuildFile; fileRef = 60682FA32868B91C0011716A /* StatistikKeuntunganViewController.swift */; };
		60682FA62868BEEB0011716A /* PrediksiPenjualanView.swift in Sources */ = {isa = PBXBuildFile; fileRef = 60682FA52868BEEB0011716A /* PrediksiPenjualanView.swift */; };
		60682FA82868C0960011716A /* PrediksiPenjualanViewController.swift in Sources */ = {isa = PBXBuildFile; fileRef = 60682FA72868C0960011716A /* PrediksiPenjualanViewController.swift */; };
		60691124286AB89500E729BF /* DashboardViewModel.swift in Sources */ = {isa = PBXBuildFile; fileRef = 60691123286AB89500E729BF /* DashboardViewModel.swift */; };
		606E81892869F0030081701F /* ListRiwayatTransaksiViewModel.swift in Sources */ = {isa = PBXBuildFile; fileRef = 606E81882869F0030081701F /* ListRiwayatTransaksiViewModel.swift */; };
		606E818B286A00C20081701F /* StatisticsApiServices.swift in Sources */ = {isa = PBXBuildFile; fileRef = 606E818A286A00C20081701F /* StatisticsApiServices.swift */; };
		607353622865DE7200B0BC2C /* PrediksiJumlahMenuTableViewCell.swift in Sources */ = {isa = PBXBuildFile; fileRef = 607353612865DE7200B0BC2C /* PrediksiJumlahMenuTableViewCell.swift */; };
		607353662865DF0F00B0BC2C /* PrediksiJumlahMenuTable.swift in Sources */ = {isa = PBXBuildFile; fileRef = 607353652865DF0F00B0BC2C /* PrediksiJumlahMenuTable.swift */; };
		6073536A28661F5600B0BC2C /* CarouselCell.swift in Sources */ = {isa = PBXBuildFile; fileRef = 6073536928661F5600B0BC2C /* CarouselCell.swift */; };
		6073536C28662CCA00B0BC2C /* Carousel.swift in Sources */ = {isa = PBXBuildFile; fileRef = 6073536B28662CCA00B0BC2C /* Carousel.swift */; };
		6086AF4D286010B60073B5BE /* CardKasUsaha.swift in Sources */ = {isa = PBXBuildFile; fileRef = 6086AF4C286010B60073B5BE /* CardKasUsaha.swift */; };
		6086AF4F286010C20073B5BE /* CardEmptyStateDashboard.swift in Sources */ = {isa = PBXBuildFile; fileRef = 6086AF4E286010C20073B5BE /* CardEmptyStateDashboard.swift */; };
		6086AF51286011640073B5BE /* DashboardView.swift in Sources */ = {isa = PBXBuildFile; fileRef = 6086AF50286011640073B5BE /* DashboardView.swift */; };
		6086AF5328601EB80073B5BE /* SecondaryButton.swift in Sources */ = {isa = PBXBuildFile; fileRef = 6086AF5228601EB80073B5BE /* SecondaryButton.swift */; };
		6086AF572860442E0073B5BE /* SemiBoldLabel.swift in Sources */ = {isa = PBXBuildFile; fileRef = 6086AF562860442E0073B5BE /* SemiBoldLabel.swift */; };
		609E1E32286561390018E325 /* RiwayatTransaksiTable.swift in Sources */ = {isa = PBXBuildFile; fileRef = 609E1E31286561390018E325 /* RiwayatTransaksiTable.swift */; };
		609E1E342865617B0018E325 /* RiwayatTransaksiTableViewCell.swift in Sources */ = {isa = PBXBuildFile; fileRef = 609E1E332865617B0018E325 /* RiwayatTransaksiTableViewCell.swift */; };
		A64D94A72874348D009BCF8D /* RegisterSuccessView.swift in Sources */ = {isa = PBXBuildFile; fileRef = A64D94A62874348D009BCF8D /* RegisterSuccessView.swift */; };
		A64D94A9287437C0009BCF8D /* CheckmarkAnimation.gif in Resources */ = {isa = PBXBuildFile; fileRef = A64D94A8287437C0009BCF8D /* CheckmarkAnimation.gif */; };
		A64D94AD287438F6009BCF8D /* RegisterSuccessViewController.swift in Sources */ = {isa = PBXBuildFile; fileRef = A64D94AC287438F6009BCF8D /* RegisterSuccessViewController.swift */; };
		A656F1EA285C59710052EFB6 /* UIImageViewExtension.swift in Sources */ = {isa = PBXBuildFile; fileRef = A656F1E9285C59710052EFB6 /* UIImageViewExtension.swift */; };
		A656F212285D87290052EFB6 /* PrimaryButton.swift in Sources */ = {isa = PBXBuildFile; fileRef = A656F211285D87290052EFB6 /* PrimaryButton.swift */; };
		A656F216285D8BE30052EFB6 /* HeadingFiveLabel.swift in Sources */ = {isa = PBXBuildFile; fileRef = A656F215285D8BE30052EFB6 /* HeadingFiveLabel.swift */; };
		A656F218285D8EFC0052EFB6 /* RegularLabel.swift in Sources */ = {isa = PBXBuildFile; fileRef = A656F217285D8EFC0052EFB6 /* RegularLabel.swift */; };
		A656F21A285D970E0052EFB6 /* LoginViewModel.swift in Sources */ = {isa = PBXBuildFile; fileRef = A656F219285D970E0052EFB6 /* LoginViewModel.swift */; };
		A656F21C285D972B0052EFB6 /* RegisterViewModel.swift in Sources */ = {isa = PBXBuildFile; fileRef = A656F21B285D972B0052EFB6 /* RegisterViewModel.swift */; };
		A656F21F285D996D0052EFB6 /* UserApiServices.swift in Sources */ = {isa = PBXBuildFile; fileRef = A656F21E285D996D0052EFB6 /* UserApiServices.swift */; };
		A656F221285D9A640052EFB6 /* ApiServices.swift in Sources */ = {isa = PBXBuildFile; fileRef = A656F220285D9A640052EFB6 /* ApiServices.swift */; };
		A656F225285D9ADB0052EFB6 /* User.swift in Sources */ = {isa = PBXBuildFile; fileRef = A656F224285D9ADB0052EFB6 /* User.swift */; };
		A656F228285D9F9F0052EFB6 /* LoginView.swift in Sources */ = {isa = PBXBuildFile; fileRef = A656F227285D9F9F0052EFB6 /* LoginView.swift */; };
		A656F22A285DB50D0052EFB6 /* UITextFieldExtension.swift in Sources */ = {isa = PBXBuildFile; fileRef = A656F229285DB50D0052EFB6 /* UITextFieldExtension.swift */; };
		A656F22E285DE90A0052EFB6 /* WarningLabel.swift in Sources */ = {isa = PBXBuildFile; fileRef = A656F22D285DE90A0052EFB6 /* WarningLabel.swift */; };
		A656F230285E2B270052EFB6 /* PINView.swift in Sources */ = {isa = PBXBuildFile; fileRef = A656F22F285E2B270052EFB6 /* PINView.swift */; };
		A656F234285EBF840052EFB6 /* StringExtension.swift in Sources */ = {isa = PBXBuildFile; fileRef = A656F233285EBF840052EFB6 /* StringExtension.swift */; };
		A656F238285F0F220052EFB6 /* UserDefaults.swift in Sources */ = {isa = PBXBuildFile; fileRef = A656F237285F0F220052EFB6 /* UserDefaults.swift */; };
		A656F23A285F2C930052EFB6 /* RegisterView.swift in Sources */ = {isa = PBXBuildFile; fileRef = A656F239285F2C930052EFB6 /* RegisterView.swift */; };
		A656F23C285F4C9D0052EFB6 /* WelcomingAddMenuView.swift in Sources */ = {isa = PBXBuildFile; fileRef = A656F23B285F4C9D0052EFB6 /* WelcomingAddMenuView.swift */; };
		A656F23E285F4F340052EFB6 /* RegisterPINViewController.swift in Sources */ = {isa = PBXBuildFile; fileRef = A656F23D285F4F340052EFB6 /* RegisterPINViewController.swift */; };
		A656F240285F4F440052EFB6 /* RegisterConfirmPINViewController.swift in Sources */ = {isa = PBXBuildFile; fileRef = A656F23F285F4F440052EFB6 /* RegisterConfirmPINViewController.swift */; };
		A656F242286520890052EFB6 /* ListMenuViewController.swift in Sources */ = {isa = PBXBuildFile; fileRef = A656F241286520890052EFB6 /* ListMenuViewController.swift */; };
		A656F246286520EE0052EFB6 /* ListMenuView.swift in Sources */ = {isa = PBXBuildFile; fileRef = A656F245286520EE0052EFB6 /* ListMenuView.swift */; };
		A656F248286521420052EFB6 /* Menu.swift in Sources */ = {isa = PBXBuildFile; fileRef = A656F247286521420052EFB6 /* Menu.swift */; };
		A656F24A286523E10052EFB6 /* MenuCell.swift in Sources */ = {isa = PBXBuildFile; fileRef = A656F249286523E10052EFB6 /* MenuCell.swift */; };
		A66510EA285B362F00297031 /* UIViewControllerExtension.swift in Sources */ = {isa = PBXBuildFile; fileRef = A66510E9285B362F00297031 /* UIViewControllerExtension.swift */; };
		A66510EC285B364900297031 /* UIViewExtension.swift in Sources */ = {isa = PBXBuildFile; fileRef = A66510EB285B364900297031 /* UIViewExtension.swift */; };
		A66510EE285B3E3900297031 /* OnboardingData.swift in Sources */ = {isa = PBXBuildFile; fileRef = A66510ED285B3E3900297031 /* OnboardingData.swift */; };
		A66510F2285B4D9400297031 /* OnboardingView.swift in Sources */ = {isa = PBXBuildFile; fileRef = A66510F1285B4D9400297031 /* OnboardingView.swift */; };
		A665110F285B678600297031 /* Inter-Light.ttf in Resources */ = {isa = PBXBuildFile; fileRef = A6651106285B678600297031 /* Inter-Light.ttf */; };
		A6651110285B678600297031 /* Inter-Medium.ttf in Resources */ = {isa = PBXBuildFile; fileRef = A6651107285B678600297031 /* Inter-Medium.ttf */; };
		A6651111285B678600297031 /* Inter-ExtraBold.ttf in Resources */ = {isa = PBXBuildFile; fileRef = A6651108285B678600297031 /* Inter-ExtraBold.ttf */; };
		A6651112285B678600297031 /* Inter-ExtraLight.ttf in Resources */ = {isa = PBXBuildFile; fileRef = A6651109285B678600297031 /* Inter-ExtraLight.ttf */; };
		A6651113285B678600297031 /* Inter-Regular.ttf in Resources */ = {isa = PBXBuildFile; fileRef = A665110A285B678600297031 /* Inter-Regular.ttf */; };
		A6651114285B678600297031 /* Inter-Bold.ttf in Resources */ = {isa = PBXBuildFile; fileRef = A665110B285B678600297031 /* Inter-Bold.ttf */; };
		A6651115285B678600297031 /* Inter-Thin.ttf in Resources */ = {isa = PBXBuildFile; fileRef = A665110C285B678600297031 /* Inter-Thin.ttf */; };
		A6651116285B678600297031 /* Inter-SemiBold.ttf in Resources */ = {isa = PBXBuildFile; fileRef = A665110D285B678600297031 /* Inter-SemiBold.ttf */; };
		A6651117285B678600297031 /* Inter-Black.ttf in Resources */ = {isa = PBXBuildFile; fileRef = A665110E285B678600297031 /* Inter-Black.ttf */; };
		A665111C285B8E1D00297031 /* Fonts.swift in Sources */ = {isa = PBXBuildFile; fileRef = A665111B285B8E1D00297031 /* Fonts.swift */; };
		A6651123285B925F00297031 /* UIColorExtension.swift in Sources */ = {isa = PBXBuildFile; fileRef = A6651122285B925F00297031 /* UIColorExtension.swift */; };
		A6651127285B98AB00297031 /* RegisterViewController.swift in Sources */ = {isa = PBXBuildFile; fileRef = A6651126285B98AB00297031 /* RegisterViewController.swift */; };
		A665112B285BAC6600297031 /* CustomButton.swift in Sources */ = {isa = PBXBuildFile; fileRef = A665112A285BAC6600297031 /* CustomButton.swift */; };
		A665112D285BADA600297031 /* LoginViewController.swift in Sources */ = {isa = PBXBuildFile; fileRef = A665112C285BADA600297031 /* LoginViewController.swift */; };
		A665112F285C042B00297031 /* LoginPINViewController.swift in Sources */ = {isa = PBXBuildFile; fileRef = A665112E285C042B00297031 /* LoginPINViewController.swift */; };
		A6651133285C081F00297031 /* WelcomingAddMenuViewController.swift in Sources */ = {isa = PBXBuildFile; fileRef = A6651132285C081F00297031 /* WelcomingAddMenuViewController.swift */; };
		A6651135285C0D1D00297031 /* GuestAddMenuViewController.swift in Sources */ = {isa = PBXBuildFile; fileRef = A6651134285C0D1D00297031 /* GuestAddMenuViewController.swift */; };
		A6651137285C0D5200297031 /* GuestListMenuViewController.swift in Sources */ = {isa = PBXBuildFile; fileRef = A6651136285C0D5200297031 /* GuestListMenuViewController.swift */; };
		A6C8AAE02865F96900C507A3 /* ListMenuViewModel.swift in Sources */ = {isa = PBXBuildFile; fileRef = A6C8AADF2865F96900C507A3 /* ListMenuViewModel.swift */; };
		A6C8AAE22865F97D00C507A3 /* MenuApiServices.swift in Sources */ = {isa = PBXBuildFile; fileRef = A6C8AAE12865F97D00C507A3 /* MenuApiServices.swift */; };
		A6C8AAE42865FCC300C507A3 /* Helper.swift in Sources */ = {isa = PBXBuildFile; fileRef = A6C8AAE32865FCC300C507A3 /* Helper.swift */; };
		A6C8AAE628667F9F00C507A3 /* AddMenuViewModel.swift in Sources */ = {isa = PBXBuildFile; fileRef = A6C8AAE528667F9F00C507A3 /* AddMenuViewModel.swift */; };
		A6C8AAE82866801700C507A3 /* AddMenuViewController.swift in Sources */ = {isa = PBXBuildFile; fileRef = A6C8AAE72866801700C507A3 /* AddMenuViewController.swift */; };
		A6C8AAEA286681F000C507A3 /* AddMenuView.swift in Sources */ = {isa = PBXBuildFile; fileRef = A6C8AAE9286681F000C507A3 /* AddMenuView.swift */; };
		A6C8AAEC2866AB5A00C507A3 /* UIImageExtension.swift in Sources */ = {isa = PBXBuildFile; fileRef = A6C8AAEB2866AB5A00C507A3 /* UIImageExtension.swift */; };
		A6C8AAEE2866B2AC00C507A3 /* EditMenuViewController.swift in Sources */ = {isa = PBXBuildFile; fileRef = A6C8AAED2866B2AC00C507A3 /* EditMenuViewController.swift */; };
		A6C8AAF02866B2B700C507A3 /* EditMenuViewModel.swift in Sources */ = {isa = PBXBuildFile; fileRef = A6C8AAEF2866B2B700C507A3 /* EditMenuViewModel.swift */; };
		A6C8AAF22866F87100C507A3 /* MenuCellViewModel.swift in Sources */ = {isa = PBXBuildFile; fileRef = A6C8AAF12866F87100C507A3 /* MenuCellViewModel.swift */; };
		A6C8AAF4286747FB00C507A3 /* General.swift in Sources */ = {isa = PBXBuildFile; fileRef = A6C8AAF3286747FB00C507A3 /* General.swift */; };
		A6C8AAF828675D1800C507A3 /* GuestListMenuView.swift in Sources */ = {isa = PBXBuildFile; fileRef = A6C8AAF728675D1800C507A3 /* GuestListMenuView.swift */; };
		A6C8AAFC2867653400C507A3 /* TransactionListView.swift in Sources */ = {isa = PBXBuildFile; fileRef = A6C8AAFB2867653400C507A3 /* TransactionListView.swift */; };
		A6C8AAFE286765BB00C507A3 /* TransactionListViewController.swift in Sources */ = {isa = PBXBuildFile; fileRef = A6C8AAFD286765BB00C507A3 /* TransactionListViewController.swift */; };
		A6C8AB032867680500C507A3 /* TextFieldWithCard.swift in Sources */ = {isa = PBXBuildFile; fileRef = A6C8AB022867680500C507A3 /* TextFieldWithCard.swift */; };
		A6C8AB0528676C1E00C507A3 /* DateFieldView.swift in Sources */ = {isa = PBXBuildFile; fileRef = A6C8AB0428676C1E00C507A3 /* DateFieldView.swift */; };
		A6C8AB0728676F2800C507A3 /* DescriptionTextView.swift in Sources */ = {isa = PBXBuildFile; fileRef = A6C8AB0628676F2800C507A3 /* DescriptionTextView.swift */; };
		A6C8AB092867748400C507A3 /* CardTransactionView.swift in Sources */ = {isa = PBXBuildFile; fileRef = A6C8AB082867748400C507A3 /* CardTransactionView.swift */; };
		A6C8AB0B28677AA200C507A3 /* TransactionCell.swift in Sources */ = {isa = PBXBuildFile; fileRef = A6C8AB0A28677AA200C507A3 /* TransactionCell.swift */; };
		A6C8AB0E2867ECB300C507A3 /* AddTransactionView.swift in Sources */ = {isa = PBXBuildFile; fileRef = A6C8AB0D2867ECB300C507A3 /* AddTransactionView.swift */; };
		A6C8AB10286808B200C507A3 /* AddTransactionIncomeView.swift in Sources */ = {isa = PBXBuildFile; fileRef = A6C8AB0F286808B200C507A3 /* AddTransactionIncomeView.swift */; };
		A6C8AB12286808BB00C507A3 /* AddTransactionExpenseView.swift in Sources */ = {isa = PBXBuildFile; fileRef = A6C8AB11286808BB00C507A3 /* AddTransactionExpenseView.swift */; };
		A6C8AB1428680CF200C507A3 /* RowButton.swift in Sources */ = {isa = PBXBuildFile; fileRef = A6C8AB1328680CF200C507A3 /* RowButton.swift */; };
		A6C8AB18286829E200C507A3 /* AddTransactionIncomeViewController.swift in Sources */ = {isa = PBXBuildFile; fileRef = A6C8AB17286829E200C507A3 /* AddTransactionIncomeViewController.swift */; };
		A6C8AB1A286829EB00C507A3 /* AddTransactionExpenseViewController.swift in Sources */ = {isa = PBXBuildFile; fileRef = A6C8AB19286829EB00C507A3 /* AddTransactionExpenseViewController.swift */; };
		A6C8AB1C286829F500C507A3 /* AddTransactionViewController.swift in Sources */ = {isa = PBXBuildFile; fileRef = A6C8AB1B286829F500C507A3 /* AddTransactionViewController.swift */; };
		A6C8AB1E2868333E00C507A3 /* ChooseMenuCell.swift in Sources */ = {isa = PBXBuildFile; fileRef = A6C8AB1D2868333E00C507A3 /* ChooseMenuCell.swift */; };
		A6C8AB202868337900C507A3 /* TextFieldWithCardCell.swift in Sources */ = {isa = PBXBuildFile; fileRef = A6C8AB1F2868337900C507A3 /* TextFieldWithCardCell.swift */; };
		A6C8AB222868339600C507A3 /* ChosenMenuCell.swift in Sources */ = {isa = PBXBuildFile; fileRef = A6C8AB212868339600C507A3 /* ChosenMenuCell.swift */; };
		A6C8AB2428683A7200C507A3 /* StepperField.swift in Sources */ = {isa = PBXBuildFile; fileRef = A6C8AB2328683A7200C507A3 /* StepperField.swift */; };
		A6C8AB26286915EA00C507A3 /* ChooseMenuViewController.swift in Sources */ = {isa = PBXBuildFile; fileRef = A6C8AB25286915EA00C507A3 /* ChooseMenuViewController.swift */; };
		A6C8AB282869166400C507A3 /* ChecklistCell.swift in Sources */ = {isa = PBXBuildFile; fileRef = A6C8AB272869166400C507A3 /* ChecklistCell.swift */; };
		A6C8AB2C2869191B00C507A3 /* ChooseMenuView.swift in Sources */ = {isa = PBXBuildFile; fileRef = A6C8AB2B2869191B00C507A3 /* ChooseMenuView.swift */; };
		A6C8AB2E28692B9D00C507A3 /* AddTransactionExpenseViewModel.swift in Sources */ = {isa = PBXBuildFile; fileRef = A6C8AB2D28692B9D00C507A3 /* AddTransactionExpenseViewModel.swift */; };
		A6C8AB3128692BB900C507A3 /* Transaction.swift in Sources */ = {isa = PBXBuildFile; fileRef = A6C8AB3028692BB900C507A3 /* Transaction.swift */; };
		A6C8AB3328692CA300C507A3 /* TransactionApiServices.swift in Sources */ = {isa = PBXBuildFile; fileRef = A6C8AB3228692CA300C507A3 /* TransactionApiServices.swift */; };
		A6C8AB3528692EEF00C507A3 /* TransactionListViewModel.swift in Sources */ = {isa = PBXBuildFile; fileRef = A6C8AB3428692EEF00C507A3 /* TransactionListViewModel.swift */; };
		A6C8AB37286937BD00C507A3 /* FormatterExtension.swift in Sources */ = {isa = PBXBuildFile; fileRef = A6C8AB36286937BD00C507A3 /* FormatterExtension.swift */; };
		A6C8AB39286937CB00C507A3 /* NumericExtension.swift in Sources */ = {isa = PBXBuildFile; fileRef = A6C8AB38286937CB00C507A3 /* NumericExtension.swift */; };
		A6C8AB3B286AEC7E00C507A3 /* EmptyStateView.swift in Sources */ = {isa = PBXBuildFile; fileRef = A6C8AB3A286AEC7E00C507A3 /* EmptyStateView.swift */; };
		A6C8AB3D286B098B00C507A3 /* UITextViewExtension.swift in Sources */ = {isa = PBXBuildFile; fileRef = A6C8AB3C286B098B00C507A3 /* UITextViewExtension.swift */; };
		A6C8AB41286B73B900C507A3 /* TableViewAdjustedHeight.swift in Sources */ = {isa = PBXBuildFile; fileRef = A6C8AB40286B73B900C507A3 /* TableViewAdjustedHeight.swift */; };
		A6C8AB43286B7BB000C507A3 /* ListChooseMenuViewController.swift in Sources */ = {isa = PBXBuildFile; fileRef = A6C8AB42286B7BB000C507A3 /* ListChooseMenuViewController.swift */; };
		A6C8AB45286B951B00C507A3 /* AddTransactionIncomeViewModel.swift in Sources */ = {isa = PBXBuildFile; fileRef = A6C8AB44286B951B00C507A3 /* AddTransactionIncomeViewModel.swift */; };
		A6C8AB47286BC6B100C507A3 /* UserCard.swift in Sources */ = {isa = PBXBuildFile; fileRef = A6C8AB46286BC6B100C507A3 /* UserCard.swift */; };
		A6C8AB4B286BDBEF00C507A3 /* ProfileViewController.swift in Sources */ = {isa = PBXBuildFile; fileRef = A6C8AB4A286BDBEF00C507A3 /* ProfileViewController.swift */; };
		A6C8AB4D286BDC5A00C507A3 /* ProfileViewModel.swift in Sources */ = {isa = PBXBuildFile; fileRef = A6C8AB4C286BDC5A00C507A3 /* ProfileViewModel.swift */; };
		A6C8AB4F286BE6C100C507A3 /* ChangePINViewController.swift in Sources */ = {isa = PBXBuildFile; fileRef = A6C8AB4E286BE6C100C507A3 /* ChangePINViewController.swift */; };
		A6C8AB51286BE6CE00C507A3 /* ChangeConfirmPINViewController.swift in Sources */ = {isa = PBXBuildFile; fileRef = A6C8AB50286BE6CE00C507A3 /* ChangeConfirmPINViewController.swift */; };
		A6C8AB53286BE6F400C507A3 /* ChangePINViewModel.swift in Sources */ = {isa = PBXBuildFile; fileRef = A6C8AB52286BE6F400C507A3 /* ChangePINViewModel.swift */; };
		A6E2723E2857708C00B5CF59 /* AppDelegate.swift in Sources */ = {isa = PBXBuildFile; fileRef = A6E2723D2857708C00B5CF59 /* AppDelegate.swift */; };
		A6E272402857708C00B5CF59 /* SceneDelegate.swift in Sources */ = {isa = PBXBuildFile; fileRef = A6E2723F2857708C00B5CF59 /* SceneDelegate.swift */; };
		A6E272422857708C00B5CF59 /* OnboardingViewController.swift in Sources */ = {isa = PBXBuildFile; fileRef = A6E272412857708C00B5CF59 /* OnboardingViewController.swift */; };
		A6E272482857708C00B5CF59 /* MagiCan.xcdatamodeld in Sources */ = {isa = PBXBuildFile; fileRef = A6E272462857708C00B5CF59 /* MagiCan.xcdatamodeld */; };
		A6E2724A2857708E00B5CF59 /* Assets.xcassets in Resources */ = {isa = PBXBuildFile; fileRef = A6E272492857708E00B5CF59 /* Assets.xcassets */; };
		A6E2724D2857708E00B5CF59 /* LaunchScreen.storyboard in Resources */ = {isa = PBXBuildFile; fileRef = A6E2724B2857708E00B5CF59 /* LaunchScreen.storyboard */; };
		A6E272582857708E00B5CF59 /* MagiCanTests.swift in Sources */ = {isa = PBXBuildFile; fileRef = A6E272572857708E00B5CF59 /* MagiCanTests.swift */; };
		A6E272622857708E00B5CF59 /* MagiCanUITests.swift in Sources */ = {isa = PBXBuildFile; fileRef = A6E272612857708E00B5CF59 /* MagiCanUITests.swift */; };
		A6E272642857708E00B5CF59 /* MagiCanUITestsLaunchTests.swift in Sources */ = {isa = PBXBuildFile; fileRef = A6E272632857708E00B5CF59 /* MagiCanUITestsLaunchTests.swift */; };
/* End PBXBuildFile section */

/* Begin PBXContainerItemProxy section */
		A6E272542857708E00B5CF59 /* PBXContainerItemProxy */ = {
			isa = PBXContainerItemProxy;
			containerPortal = A6E272322857708C00B5CF59 /* Project object */;
			proxyType = 1;
			remoteGlobalIDString = A6E272392857708C00B5CF59;
			remoteInfo = MagiCan;
		};
		A6E2725E2857708E00B5CF59 /* PBXContainerItemProxy */ = {
			isa = PBXContainerItemProxy;
			containerPortal = A6E272322857708C00B5CF59 /* Project object */;
			proxyType = 1;
			remoteGlobalIDString = A6E272392857708C00B5CF59;
			remoteInfo = MagiCan;
		};
/* End PBXContainerItemProxy section */

/* Begin PBXFileReference section */
		6009916228677B0F00B30C63 /* DashboardViewController.swift */ = {isa = PBXFileReference; lastKnownFileType = sourcecode.swift; path = DashboardViewController.swift; sourceTree = "<group>"; };
		600991642867912600B30C63 /* StatistikPemasukanViewController.swift */ = {isa = PBXFileReference; lastKnownFileType = sourcecode.swift; path = StatistikPemasukanViewController.swift; sourceTree = "<group>"; };
		6012B1052863077200A89E4D /* CardPrediksiPenjualanItem.swift */ = {isa = PBXFileReference; lastKnownFileType = sourcecode.swift; path = CardPrediksiPenjualanItem.swift; sourceTree = "<group>"; };
		6012B10728630E0100A89E4D /* CardMenuAndalanItem.swift */ = {isa = PBXFileReference; lastKnownFileType = sourcecode.swift; path = CardMenuAndalanItem.swift; sourceTree = "<group>"; };
		6012B10928630E1D00A89E4D /* CardPrediksiPenjualan.swift */ = {isa = PBXFileReference; lastKnownFileType = sourcecode.swift; path = CardPrediksiPenjualan.swift; sourceTree = "<group>"; };
		6012B10B28630E3000A89E4D /* CardMenuAndalan.swift */ = {isa = PBXFileReference; lastKnownFileType = sourcecode.swift; path = CardMenuAndalan.swift; sourceTree = "<group>"; };
		60570615286220B300BE93ED /* StatistikPemasukanView.swift */ = {isa = PBXFileReference; lastKnownFileType = sourcecode.swift; path = StatistikPemasukanView.swift; sourceTree = "<group>"; };
		60570617286220C700BE93ED /* StatistikPengeluaranView.swift */ = {isa = PBXFileReference; lastKnownFileType = sourcecode.swift; path = StatistikPengeluaranView.swift; sourceTree = "<group>"; };
		605706192862210700BE93ED /* ProfileView.swift */ = {isa = PBXFileReference; lastKnownFileType = sourcecode.swift; path = ProfileView.swift; sourceTree = "<group>"; };
		6057061B2862232D00BE93ED /* CardEmptyStateStatistik.swift */ = {isa = PBXFileReference; lastKnownFileType = sourcecode.swift; path = CardEmptyStateStatistik.swift; sourceTree = "<group>"; };
		6057061D28622EE900BE93ED /* StatistikKeuntunganView.swift */ = {isa = PBXFileReference; lastKnownFileType = sourcecode.swift; path = StatistikKeuntunganView.swift; sourceTree = "<group>"; };
		605C2E572864DAB500A019F7 /* LineChart.swift */ = {isa = PBXFileReference; lastKnownFileType = sourcecode.swift; path = LineChart.swift; sourceTree = "<group>"; };
		60682FA12868B8F80011716A /* StatistikPengeluaranViewController.swift */ = {isa = PBXFileReference; lastKnownFileType = sourcecode.swift; path = StatistikPengeluaranViewController.swift; sourceTree = "<group>"; };
		60682FA32868B91C0011716A /* StatistikKeuntunganViewController.swift */ = {isa = PBXFileReference; lastKnownFileType = sourcecode.swift; path = StatistikKeuntunganViewController.swift; sourceTree = "<group>"; };
		60682FA52868BEEB0011716A /* PrediksiPenjualanView.swift */ = {isa = PBXFileReference; lastKnownFileType = sourcecode.swift; path = PrediksiPenjualanView.swift; sourceTree = "<group>"; };
		60682FA72868C0960011716A /* PrediksiPenjualanViewController.swift */ = {isa = PBXFileReference; lastKnownFileType = sourcecode.swift; path = PrediksiPenjualanViewController.swift; sourceTree = "<group>"; };
		60691123286AB89500E729BF /* DashboardViewModel.swift */ = {isa = PBXFileReference; lastKnownFileType = sourcecode.swift; path = DashboardViewModel.swift; sourceTree = "<group>"; };
		606E81882869F0030081701F /* ListRiwayatTransaksiViewModel.swift */ = {isa = PBXFileReference; lastKnownFileType = sourcecode.swift; path = ListRiwayatTransaksiViewModel.swift; sourceTree = "<group>"; };
		606E818A286A00C20081701F /* StatisticsApiServices.swift */ = {isa = PBXFileReference; lastKnownFileType = sourcecode.swift; path = StatisticsApiServices.swift; sourceTree = "<group>"; };
		607353612865DE7200B0BC2C /* PrediksiJumlahMenuTableViewCell.swift */ = {isa = PBXFileReference; lastKnownFileType = sourcecode.swift; path = PrediksiJumlahMenuTableViewCell.swift; sourceTree = "<group>"; };
		607353652865DF0F00B0BC2C /* PrediksiJumlahMenuTable.swift */ = {isa = PBXFileReference; lastKnownFileType = sourcecode.swift; path = PrediksiJumlahMenuTable.swift; sourceTree = "<group>"; };
		6073536928661F5600B0BC2C /* CarouselCell.swift */ = {isa = PBXFileReference; lastKnownFileType = sourcecode.swift; path = CarouselCell.swift; sourceTree = "<group>"; };
		6073536B28662CCA00B0BC2C /* Carousel.swift */ = {isa = PBXFileReference; lastKnownFileType = sourcecode.swift; path = Carousel.swift; sourceTree = "<group>"; };
		6086AF4C286010B60073B5BE /* CardKasUsaha.swift */ = {isa = PBXFileReference; lastKnownFileType = sourcecode.swift; path = CardKasUsaha.swift; sourceTree = "<group>"; };
		6086AF4E286010C20073B5BE /* CardEmptyStateDashboard.swift */ = {isa = PBXFileReference; lastKnownFileType = sourcecode.swift; path = CardEmptyStateDashboard.swift; sourceTree = "<group>"; };
		6086AF50286011640073B5BE /* DashboardView.swift */ = {isa = PBXFileReference; lastKnownFileType = sourcecode.swift; path = DashboardView.swift; sourceTree = "<group>"; };
		6086AF5228601EB80073B5BE /* SecondaryButton.swift */ = {isa = PBXFileReference; lastKnownFileType = sourcecode.swift; path = SecondaryButton.swift; sourceTree = "<group>"; };
		6086AF562860442E0073B5BE /* SemiBoldLabel.swift */ = {isa = PBXFileReference; lastKnownFileType = sourcecode.swift; path = SemiBoldLabel.swift; sourceTree = "<group>"; };
		609E1E31286561390018E325 /* RiwayatTransaksiTable.swift */ = {isa = PBXFileReference; lastKnownFileType = sourcecode.swift; path = RiwayatTransaksiTable.swift; sourceTree = "<group>"; };
		609E1E332865617B0018E325 /* RiwayatTransaksiTableViewCell.swift */ = {isa = PBXFileReference; lastKnownFileType = sourcecode.swift; path = RiwayatTransaksiTableViewCell.swift; sourceTree = "<group>"; };
		A64D94A62874348D009BCF8D /* RegisterSuccessView.swift */ = {isa = PBXFileReference; lastKnownFileType = sourcecode.swift; path = RegisterSuccessView.swift; sourceTree = "<group>"; };
		A64D94A8287437C0009BCF8D /* CheckmarkAnimation.gif */ = {isa = PBXFileReference; lastKnownFileType = image.gif; path = CheckmarkAnimation.gif; sourceTree = "<group>"; };
		A64D94AC287438F6009BCF8D /* RegisterSuccessViewController.swift */ = {isa = PBXFileReference; lastKnownFileType = sourcecode.swift; path = RegisterSuccessViewController.swift; sourceTree = "<group>"; };
		A656F1E9285C59710052EFB6 /* UIImageViewExtension.swift */ = {isa = PBXFileReference; lastKnownFileType = sourcecode.swift; path = UIImageViewExtension.swift; sourceTree = "<group>"; };
		A656F211285D87290052EFB6 /* PrimaryButton.swift */ = {isa = PBXFileReference; lastKnownFileType = sourcecode.swift; path = PrimaryButton.swift; sourceTree = "<group>"; };
		A656F215285D8BE30052EFB6 /* HeadingFiveLabel.swift */ = {isa = PBXFileReference; lastKnownFileType = sourcecode.swift; path = HeadingFiveLabel.swift; sourceTree = "<group>"; };
		A656F217285D8EFC0052EFB6 /* RegularLabel.swift */ = {isa = PBXFileReference; lastKnownFileType = sourcecode.swift; path = RegularLabel.swift; sourceTree = "<group>"; };
		A656F219285D970E0052EFB6 /* LoginViewModel.swift */ = {isa = PBXFileReference; lastKnownFileType = sourcecode.swift; path = LoginViewModel.swift; sourceTree = "<group>"; };
		A656F21B285D972B0052EFB6 /* RegisterViewModel.swift */ = {isa = PBXFileReference; lastKnownFileType = sourcecode.swift; path = RegisterViewModel.swift; sourceTree = "<group>"; };
		A656F21E285D996D0052EFB6 /* UserApiServices.swift */ = {isa = PBXFileReference; lastKnownFileType = sourcecode.swift; path = UserApiServices.swift; sourceTree = "<group>"; };
		A656F220285D9A640052EFB6 /* ApiServices.swift */ = {isa = PBXFileReference; lastKnownFileType = sourcecode.swift; path = ApiServices.swift; sourceTree = "<group>"; };
		A656F224285D9ADB0052EFB6 /* User.swift */ = {isa = PBXFileReference; lastKnownFileType = sourcecode.swift; path = User.swift; sourceTree = "<group>"; };
		A656F227285D9F9F0052EFB6 /* LoginView.swift */ = {isa = PBXFileReference; lastKnownFileType = sourcecode.swift; path = LoginView.swift; sourceTree = "<group>"; };
		A656F229285DB50D0052EFB6 /* UITextFieldExtension.swift */ = {isa = PBXFileReference; lastKnownFileType = sourcecode.swift; path = UITextFieldExtension.swift; sourceTree = "<group>"; };
		A656F22D285DE90A0052EFB6 /* WarningLabel.swift */ = {isa = PBXFileReference; lastKnownFileType = sourcecode.swift; path = WarningLabel.swift; sourceTree = "<group>"; };
		A656F22F285E2B270052EFB6 /* PINView.swift */ = {isa = PBXFileReference; lastKnownFileType = sourcecode.swift; path = PINView.swift; sourceTree = "<group>"; };
		A656F233285EBF840052EFB6 /* StringExtension.swift */ = {isa = PBXFileReference; lastKnownFileType = sourcecode.swift; path = StringExtension.swift; sourceTree = "<group>"; };
		A656F237285F0F220052EFB6 /* UserDefaults.swift */ = {isa = PBXFileReference; lastKnownFileType = sourcecode.swift; path = UserDefaults.swift; sourceTree = "<group>"; };
		A656F239285F2C930052EFB6 /* RegisterView.swift */ = {isa = PBXFileReference; lastKnownFileType = sourcecode.swift; path = RegisterView.swift; sourceTree = "<group>"; };
		A656F23B285F4C9D0052EFB6 /* WelcomingAddMenuView.swift */ = {isa = PBXFileReference; lastKnownFileType = sourcecode.swift; path = WelcomingAddMenuView.swift; sourceTree = "<group>"; };
		A656F23D285F4F340052EFB6 /* RegisterPINViewController.swift */ = {isa = PBXFileReference; lastKnownFileType = sourcecode.swift; path = RegisterPINViewController.swift; sourceTree = "<group>"; };
		A656F23F285F4F440052EFB6 /* RegisterConfirmPINViewController.swift */ = {isa = PBXFileReference; lastKnownFileType = sourcecode.swift; path = RegisterConfirmPINViewController.swift; sourceTree = "<group>"; };
		A656F241286520890052EFB6 /* ListMenuViewController.swift */ = {isa = PBXFileReference; lastKnownFileType = sourcecode.swift; path = ListMenuViewController.swift; sourceTree = "<group>"; };
		A656F245286520EE0052EFB6 /* ListMenuView.swift */ = {isa = PBXFileReference; lastKnownFileType = sourcecode.swift; path = ListMenuView.swift; sourceTree = "<group>"; };
		A656F247286521420052EFB6 /* Menu.swift */ = {isa = PBXFileReference; lastKnownFileType = sourcecode.swift; path = Menu.swift; sourceTree = "<group>"; };
		A656F249286523E10052EFB6 /* MenuCell.swift */ = {isa = PBXFileReference; lastKnownFileType = sourcecode.swift; path = MenuCell.swift; sourceTree = "<group>"; };
		A66510E9285B362F00297031 /* UIViewControllerExtension.swift */ = {isa = PBXFileReference; lastKnownFileType = sourcecode.swift; path = UIViewControllerExtension.swift; sourceTree = "<group>"; };
		A66510EB285B364900297031 /* UIViewExtension.swift */ = {isa = PBXFileReference; lastKnownFileType = sourcecode.swift; path = UIViewExtension.swift; sourceTree = "<group>"; };
		A66510ED285B3E3900297031 /* OnboardingData.swift */ = {isa = PBXFileReference; lastKnownFileType = sourcecode.swift; path = OnboardingData.swift; sourceTree = "<group>"; };
		A66510F1285B4D9400297031 /* OnboardingView.swift */ = {isa = PBXFileReference; lastKnownFileType = sourcecode.swift; path = OnboardingView.swift; sourceTree = "<group>"; };
		A6651106285B678600297031 /* Inter-Light.ttf */ = {isa = PBXFileReference; lastKnownFileType = file; path = "Inter-Light.ttf"; sourceTree = "<group>"; };
		A6651107285B678600297031 /* Inter-Medium.ttf */ = {isa = PBXFileReference; lastKnownFileType = file; path = "Inter-Medium.ttf"; sourceTree = "<group>"; };
		A6651108285B678600297031 /* Inter-ExtraBold.ttf */ = {isa = PBXFileReference; lastKnownFileType = file; path = "Inter-ExtraBold.ttf"; sourceTree = "<group>"; };
		A6651109285B678600297031 /* Inter-ExtraLight.ttf */ = {isa = PBXFileReference; lastKnownFileType = file; path = "Inter-ExtraLight.ttf"; sourceTree = "<group>"; };
		A665110A285B678600297031 /* Inter-Regular.ttf */ = {isa = PBXFileReference; lastKnownFileType = file; path = "Inter-Regular.ttf"; sourceTree = "<group>"; };
		A665110B285B678600297031 /* Inter-Bold.ttf */ = {isa = PBXFileReference; lastKnownFileType = file; path = "Inter-Bold.ttf"; sourceTree = "<group>"; };
		A665110C285B678600297031 /* Inter-Thin.ttf */ = {isa = PBXFileReference; lastKnownFileType = file; path = "Inter-Thin.ttf"; sourceTree = "<group>"; };
		A665110D285B678600297031 /* Inter-SemiBold.ttf */ = {isa = PBXFileReference; lastKnownFileType = file; path = "Inter-SemiBold.ttf"; sourceTree = "<group>"; };
		A665110E285B678600297031 /* Inter-Black.ttf */ = {isa = PBXFileReference; lastKnownFileType = file; path = "Inter-Black.ttf"; sourceTree = "<group>"; };
		A665111B285B8E1D00297031 /* Fonts.swift */ = {isa = PBXFileReference; lastKnownFileType = sourcecode.swift; path = Fonts.swift; sourceTree = "<group>"; };
		A6651122285B925F00297031 /* UIColorExtension.swift */ = {isa = PBXFileReference; lastKnownFileType = sourcecode.swift; path = UIColorExtension.swift; sourceTree = "<group>"; };
		A6651126285B98AB00297031 /* RegisterViewController.swift */ = {isa = PBXFileReference; lastKnownFileType = sourcecode.swift; path = RegisterViewController.swift; sourceTree = "<group>"; };
		A665112A285BAC6600297031 /* CustomButton.swift */ = {isa = PBXFileReference; lastKnownFileType = sourcecode.swift; path = CustomButton.swift; sourceTree = "<group>"; };
		A665112C285BADA600297031 /* LoginViewController.swift */ = {isa = PBXFileReference; lastKnownFileType = sourcecode.swift; path = LoginViewController.swift; sourceTree = "<group>"; };
		A665112E285C042B00297031 /* LoginPINViewController.swift */ = {isa = PBXFileReference; lastKnownFileType = sourcecode.swift; path = LoginPINViewController.swift; sourceTree = "<group>"; };
		A6651132285C081F00297031 /* WelcomingAddMenuViewController.swift */ = {isa = PBXFileReference; lastKnownFileType = sourcecode.swift; path = WelcomingAddMenuViewController.swift; sourceTree = "<group>"; };
		A6651134285C0D1D00297031 /* GuestAddMenuViewController.swift */ = {isa = PBXFileReference; lastKnownFileType = sourcecode.swift; path = GuestAddMenuViewController.swift; sourceTree = "<group>"; };
		A6651136285C0D5200297031 /* GuestListMenuViewController.swift */ = {isa = PBXFileReference; lastKnownFileType = sourcecode.swift; path = GuestListMenuViewController.swift; sourceTree = "<group>"; };
		A6C8AADF2865F96900C507A3 /* ListMenuViewModel.swift */ = {isa = PBXFileReference; lastKnownFileType = sourcecode.swift; path = ListMenuViewModel.swift; sourceTree = "<group>"; };
		A6C8AAE12865F97D00C507A3 /* MenuApiServices.swift */ = {isa = PBXFileReference; lastKnownFileType = sourcecode.swift; path = MenuApiServices.swift; sourceTree = "<group>"; };
		A6C8AAE32865FCC300C507A3 /* Helper.swift */ = {isa = PBXFileReference; lastKnownFileType = sourcecode.swift; path = Helper.swift; sourceTree = "<group>"; };
		A6C8AAE528667F9F00C507A3 /* AddMenuViewModel.swift */ = {isa = PBXFileReference; lastKnownFileType = sourcecode.swift; path = AddMenuViewModel.swift; sourceTree = "<group>"; };
		A6C8AAE72866801700C507A3 /* AddMenuViewController.swift */ = {isa = PBXFileReference; lastKnownFileType = sourcecode.swift; path = AddMenuViewController.swift; sourceTree = "<group>"; };
		A6C8AAE9286681F000C507A3 /* AddMenuView.swift */ = {isa = PBXFileReference; lastKnownFileType = sourcecode.swift; path = AddMenuView.swift; sourceTree = "<group>"; };
		A6C8AAEB2866AB5A00C507A3 /* UIImageExtension.swift */ = {isa = PBXFileReference; lastKnownFileType = sourcecode.swift; path = UIImageExtension.swift; sourceTree = "<group>"; };
		A6C8AAED2866B2AC00C507A3 /* EditMenuViewController.swift */ = {isa = PBXFileReference; lastKnownFileType = sourcecode.swift; path = EditMenuViewController.swift; sourceTree = "<group>"; };
		A6C8AAEF2866B2B700C507A3 /* EditMenuViewModel.swift */ = {isa = PBXFileReference; lastKnownFileType = sourcecode.swift; path = EditMenuViewModel.swift; sourceTree = "<group>"; };
		A6C8AAF12866F87100C507A3 /* MenuCellViewModel.swift */ = {isa = PBXFileReference; lastKnownFileType = sourcecode.swift; path = MenuCellViewModel.swift; sourceTree = "<group>"; };
		A6C8AAF3286747FB00C507A3 /* General.swift */ = {isa = PBXFileReference; lastKnownFileType = sourcecode.swift; path = General.swift; sourceTree = "<group>"; };
		A6C8AAF728675D1800C507A3 /* GuestListMenuView.swift */ = {isa = PBXFileReference; lastKnownFileType = sourcecode.swift; path = GuestListMenuView.swift; sourceTree = "<group>"; };
		A6C8AAFB2867653400C507A3 /* TransactionListView.swift */ = {isa = PBXFileReference; lastKnownFileType = sourcecode.swift; path = TransactionListView.swift; sourceTree = "<group>"; };
		A6C8AAFD286765BB00C507A3 /* TransactionListViewController.swift */ = {isa = PBXFileReference; lastKnownFileType = sourcecode.swift; path = TransactionListViewController.swift; sourceTree = "<group>"; };
		A6C8AB022867680500C507A3 /* TextFieldWithCard.swift */ = {isa = PBXFileReference; lastKnownFileType = sourcecode.swift; path = TextFieldWithCard.swift; sourceTree = "<group>"; };
		A6C8AB0428676C1E00C507A3 /* DateFieldView.swift */ = {isa = PBXFileReference; lastKnownFileType = sourcecode.swift; path = DateFieldView.swift; sourceTree = "<group>"; };
		A6C8AB0628676F2800C507A3 /* DescriptionTextView.swift */ = {isa = PBXFileReference; lastKnownFileType = sourcecode.swift; path = DescriptionTextView.swift; sourceTree = "<group>"; };
		A6C8AB082867748400C507A3 /* CardTransactionView.swift */ = {isa = PBXFileReference; lastKnownFileType = sourcecode.swift; path = CardTransactionView.swift; sourceTree = "<group>"; };
		A6C8AB0A28677AA200C507A3 /* TransactionCell.swift */ = {isa = PBXFileReference; lastKnownFileType = sourcecode.swift; path = TransactionCell.swift; sourceTree = "<group>"; };
		A6C8AB0D2867ECB300C507A3 /* AddTransactionView.swift */ = {isa = PBXFileReference; lastKnownFileType = sourcecode.swift; path = AddTransactionView.swift; sourceTree = "<group>"; };
		A6C8AB0F286808B200C507A3 /* AddTransactionIncomeView.swift */ = {isa = PBXFileReference; lastKnownFileType = sourcecode.swift; path = AddTransactionIncomeView.swift; sourceTree = "<group>"; };
		A6C8AB11286808BB00C507A3 /* AddTransactionExpenseView.swift */ = {isa = PBXFileReference; lastKnownFileType = sourcecode.swift; path = AddTransactionExpenseView.swift; sourceTree = "<group>"; };
		A6C8AB1328680CF200C507A3 /* RowButton.swift */ = {isa = PBXFileReference; lastKnownFileType = sourcecode.swift; path = RowButton.swift; sourceTree = "<group>"; };
		A6C8AB17286829E200C507A3 /* AddTransactionIncomeViewController.swift */ = {isa = PBXFileReference; lastKnownFileType = sourcecode.swift; path = AddTransactionIncomeViewController.swift; sourceTree = "<group>"; };
		A6C8AB19286829EB00C507A3 /* AddTransactionExpenseViewController.swift */ = {isa = PBXFileReference; lastKnownFileType = sourcecode.swift; path = AddTransactionExpenseViewController.swift; sourceTree = "<group>"; };
		A6C8AB1B286829F500C507A3 /* AddTransactionViewController.swift */ = {isa = PBXFileReference; lastKnownFileType = sourcecode.swift; path = AddTransactionViewController.swift; sourceTree = "<group>"; };
		A6C8AB1D2868333E00C507A3 /* ChooseMenuCell.swift */ = {isa = PBXFileReference; lastKnownFileType = sourcecode.swift; path = ChooseMenuCell.swift; sourceTree = "<group>"; };
		A6C8AB1F2868337900C507A3 /* TextFieldWithCardCell.swift */ = {isa = PBXFileReference; lastKnownFileType = sourcecode.swift; path = TextFieldWithCardCell.swift; sourceTree = "<group>"; };
		A6C8AB212868339600C507A3 /* ChosenMenuCell.swift */ = {isa = PBXFileReference; lastKnownFileType = sourcecode.swift; path = ChosenMenuCell.swift; sourceTree = "<group>"; };
		A6C8AB2328683A7200C507A3 /* StepperField.swift */ = {isa = PBXFileReference; lastKnownFileType = sourcecode.swift; path = StepperField.swift; sourceTree = "<group>"; };
		A6C8AB25286915EA00C507A3 /* ChooseMenuViewController.swift */ = {isa = PBXFileReference; lastKnownFileType = sourcecode.swift; path = ChooseMenuViewController.swift; sourceTree = "<group>"; };
		A6C8AB272869166400C507A3 /* ChecklistCell.swift */ = {isa = PBXFileReference; lastKnownFileType = sourcecode.swift; path = ChecklistCell.swift; sourceTree = "<group>"; };
		A6C8AB2B2869191B00C507A3 /* ChooseMenuView.swift */ = {isa = PBXFileReference; lastKnownFileType = sourcecode.swift; path = ChooseMenuView.swift; sourceTree = "<group>"; };
		A6C8AB2D28692B9D00C507A3 /* AddTransactionExpenseViewModel.swift */ = {isa = PBXFileReference; lastKnownFileType = sourcecode.swift; path = AddTransactionExpenseViewModel.swift; sourceTree = "<group>"; };
		A6C8AB3028692BB900C507A3 /* Transaction.swift */ = {isa = PBXFileReference; lastKnownFileType = sourcecode.swift; path = Transaction.swift; sourceTree = "<group>"; };
		A6C8AB3228692CA300C507A3 /* TransactionApiServices.swift */ = {isa = PBXFileReference; lastKnownFileType = sourcecode.swift; path = TransactionApiServices.swift; sourceTree = "<group>"; };
		A6C8AB3428692EEF00C507A3 /* TransactionListViewModel.swift */ = {isa = PBXFileReference; lastKnownFileType = sourcecode.swift; path = TransactionListViewModel.swift; sourceTree = "<group>"; };
		A6C8AB36286937BD00C507A3 /* FormatterExtension.swift */ = {isa = PBXFileReference; lastKnownFileType = sourcecode.swift; path = FormatterExtension.swift; sourceTree = "<group>"; };
		A6C8AB38286937CB00C507A3 /* NumericExtension.swift */ = {isa = PBXFileReference; lastKnownFileType = sourcecode.swift; path = NumericExtension.swift; sourceTree = "<group>"; };
		A6C8AB3A286AEC7E00C507A3 /* EmptyStateView.swift */ = {isa = PBXFileReference; lastKnownFileType = sourcecode.swift; path = EmptyStateView.swift; sourceTree = "<group>"; };
		A6C8AB3C286B098B00C507A3 /* UITextViewExtension.swift */ = {isa = PBXFileReference; lastKnownFileType = sourcecode.swift; path = UITextViewExtension.swift; sourceTree = "<group>"; };
		A6C8AB40286B73B900C507A3 /* TableViewAdjustedHeight.swift */ = {isa = PBXFileReference; lastKnownFileType = sourcecode.swift; path = TableViewAdjustedHeight.swift; sourceTree = "<group>"; };
		A6C8AB42286B7BB000C507A3 /* ListChooseMenuViewController.swift */ = {isa = PBXFileReference; lastKnownFileType = sourcecode.swift; path = ListChooseMenuViewController.swift; sourceTree = "<group>"; };
		A6C8AB44286B951B00C507A3 /* AddTransactionIncomeViewModel.swift */ = {isa = PBXFileReference; lastKnownFileType = sourcecode.swift; path = AddTransactionIncomeViewModel.swift; sourceTree = "<group>"; };
		A6C8AB46286BC6B100C507A3 /* UserCard.swift */ = {isa = PBXFileReference; lastKnownFileType = sourcecode.swift; path = UserCard.swift; sourceTree = "<group>"; };
		A6C8AB4A286BDBEF00C507A3 /* ProfileViewController.swift */ = {isa = PBXFileReference; lastKnownFileType = sourcecode.swift; path = ProfileViewController.swift; sourceTree = "<group>"; };
		A6C8AB4C286BDC5A00C507A3 /* ProfileViewModel.swift */ = {isa = PBXFileReference; lastKnownFileType = sourcecode.swift; path = ProfileViewModel.swift; sourceTree = "<group>"; };
		A6C8AB4E286BE6C100C507A3 /* ChangePINViewController.swift */ = {isa = PBXFileReference; lastKnownFileType = sourcecode.swift; path = ChangePINViewController.swift; sourceTree = "<group>"; };
		A6C8AB50286BE6CE00C507A3 /* ChangeConfirmPINViewController.swift */ = {isa = PBXFileReference; lastKnownFileType = sourcecode.swift; path = ChangeConfirmPINViewController.swift; sourceTree = "<group>"; };
		A6C8AB52286BE6F400C507A3 /* ChangePINViewModel.swift */ = {isa = PBXFileReference; lastKnownFileType = sourcecode.swift; path = ChangePINViewModel.swift; sourceTree = "<group>"; };
		A6E2723A2857708C00B5CF59 /* MagiCan.app */ = {isa = PBXFileReference; explicitFileType = wrapper.application; includeInIndex = 0; path = MagiCan.app; sourceTree = BUILT_PRODUCTS_DIR; };
		A6E2723D2857708C00B5CF59 /* AppDelegate.swift */ = {isa = PBXFileReference; lastKnownFileType = sourcecode.swift; path = AppDelegate.swift; sourceTree = "<group>"; };
		A6E2723F2857708C00B5CF59 /* SceneDelegate.swift */ = {isa = PBXFileReference; lastKnownFileType = sourcecode.swift; path = SceneDelegate.swift; sourceTree = "<group>"; };
		A6E272412857708C00B5CF59 /* OnboardingViewController.swift */ = {isa = PBXFileReference; lastKnownFileType = sourcecode.swift; path = OnboardingViewController.swift; sourceTree = "<group>"; };
		A6E272472857708C00B5CF59 /* MagiCan.xcdatamodel */ = {isa = PBXFileReference; lastKnownFileType = wrapper.xcdatamodel; path = MagiCan.xcdatamodel; sourceTree = "<group>"; };
		A6E272492857708E00B5CF59 /* Assets.xcassets */ = {isa = PBXFileReference; lastKnownFileType = folder.assetcatalog; path = Assets.xcassets; sourceTree = "<group>"; };
		A6E2724C2857708E00B5CF59 /* Base */ = {isa = PBXFileReference; lastKnownFileType = file.storyboard; name = Base; path = Base.lproj/LaunchScreen.storyboard; sourceTree = "<group>"; };
		A6E2724E2857708E00B5CF59 /* Info.plist */ = {isa = PBXFileReference; lastKnownFileType = text.plist.xml; path = Info.plist; sourceTree = "<group>"; };
		A6E272532857708E00B5CF59 /* MagiCanTests.xctest */ = {isa = PBXFileReference; explicitFileType = wrapper.cfbundle; includeInIndex = 0; path = MagiCanTests.xctest; sourceTree = BUILT_PRODUCTS_DIR; };
		A6E272572857708E00B5CF59 /* MagiCanTests.swift */ = {isa = PBXFileReference; lastKnownFileType = sourcecode.swift; path = MagiCanTests.swift; sourceTree = "<group>"; };
		A6E2725D2857708E00B5CF59 /* MagiCanUITests.xctest */ = {isa = PBXFileReference; explicitFileType = wrapper.cfbundle; includeInIndex = 0; path = MagiCanUITests.xctest; sourceTree = BUILT_PRODUCTS_DIR; };
		A6E272612857708E00B5CF59 /* MagiCanUITests.swift */ = {isa = PBXFileReference; lastKnownFileType = sourcecode.swift; path = MagiCanUITests.swift; sourceTree = "<group>"; };
		A6E272632857708E00B5CF59 /* MagiCanUITestsLaunchTests.swift */ = {isa = PBXFileReference; lastKnownFileType = sourcecode.swift; path = MagiCanUITestsLaunchTests.swift; sourceTree = "<group>"; };
/* End PBXFileReference section */

/* Begin PBXFrameworksBuildPhase section */
		A6E272372857708C00B5CF59 /* Frameworks */ = {
			isa = PBXFrameworksBuildPhase;
			buildActionMask = 2147483647;
			files = (
			);
			runOnlyForDeploymentPostprocessing = 0;
		};
		A6E272502857708E00B5CF59 /* Frameworks */ = {
			isa = PBXFrameworksBuildPhase;
			buildActionMask = 2147483647;
			files = (
			);
			runOnlyForDeploymentPostprocessing = 0;
		};
		A6E2725A2857708E00B5CF59 /* Frameworks */ = {
			isa = PBXFrameworksBuildPhase;
			buildActionMask = 2147483647;
			files = (
			);
			runOnlyForDeploymentPostprocessing = 0;
		};
/* End PBXFrameworksBuildPhase section */

/* Begin PBXGroup section */
		606E81872869EFCB0081701F /* Statistics */ = {
			isa = PBXGroup;
			children = (
				606E81882869F0030081701F /* ListRiwayatTransaksiViewModel.swift */,
				60691123286AB89500E729BF /* DashboardViewModel.swift */,
			);
			path = Statistics;
			sourceTree = "<group>";
		};
		A656F20F285D744D0052EFB6 /* Authentication */ = {
			isa = PBXGroup;
			children = (
				A656F219285D970E0052EFB6 /* LoginViewModel.swift */,
				A656F21B285D972B0052EFB6 /* RegisterViewModel.swift */,
				A6C8AB52286BE6F400C507A3 /* ChangePINViewModel.swift */,
			);
			path = Authentication;
			sourceTree = "<group>";
		};
		A656F21D285D98A00052EFB6 /* Services */ = {
			isa = PBXGroup;
			children = (
				A656F21E285D996D0052EFB6 /* UserApiServices.swift */,
				A6C8AAE12865F97D00C507A3 /* MenuApiServices.swift */,
				A6C8AB3228692CA300C507A3 /* TransactionApiServices.swift */,
				606E818A286A00C20081701F /* StatisticsApiServices.swift */,
			);
			path = Services;
			sourceTree = "<group>";
		};
		A656F226285D9F830052EFB6 /* View */ = {
			isa = PBXGroup;
			children = (
				A66510F1285B4D9400297031 /* OnboardingView.swift */,
				A656F227285D9F9F0052EFB6 /* LoginView.swift */,
				A656F22F285E2B270052EFB6 /* PINView.swift */,
				A656F239285F2C930052EFB6 /* RegisterView.swift */,
				A64D94A62874348D009BCF8D /* RegisterSuccessView.swift */,
				A656F23B285F4C9D0052EFB6 /* WelcomingAddMenuView.swift */,
				A656F245286520EE0052EFB6 /* ListMenuView.swift */,
				A6C8AAE9286681F000C507A3 /* AddMenuView.swift */,
				A6C8AAF728675D1800C507A3 /* GuestListMenuView.swift */,
				A6C8AAFB2867653400C507A3 /* TransactionListView.swift */,
				A6C8AB0D2867ECB300C507A3 /* AddTransactionView.swift */,
				A6C8AB0F286808B200C507A3 /* AddTransactionIncomeView.swift */,
				A6C8AB11286808BB00C507A3 /* AddTransactionExpenseView.swift */,
				A6C8AB2B2869191B00C507A3 /* ChooseMenuView.swift */,
				6086AF50286011640073B5BE /* DashboardView.swift */,
				60570615286220B300BE93ED /* StatistikPemasukanView.swift */,
				60570617286220C700BE93ED /* StatistikPengeluaranView.swift */,
				6057061D28622EE900BE93ED /* StatistikKeuntunganView.swift */,
				605706192862210700BE93ED /* ProfileView.swift */,
				60682FA52868BEEB0011716A /* PrediksiPenjualanView.swift */,
			);
			path = View;
			sourceTree = "<group>";
		};
		A66510E8285AFFC800297031 /* Utilities */ = {
			isa = PBXGroup;
			children = (
				A6651121285B924000297031 /* Extensions */,
				A6C8AAE32865FCC300C507A3 /* Helper.swift */,
			);
			path = Utilities;
			sourceTree = "<group>";
		};
		A66510EF285B4D3F00297031 /* Screens */ = {
			isa = PBXGroup;
			children = (
				A6C8AB0C2867850300C507A3 /* Transaction */,
				A6651131285C080B00297031 /* Menu */,
				A6651130285C07FE00297031 /* Authentication */,
				A6E272412857708C00B5CF59 /* OnboardingViewController.swift */,
				6009916228677B0F00B30C63 /* DashboardViewController.swift */,
				600991642867912600B30C63 /* StatistikPemasukanViewController.swift */,
				60682FA12868B8F80011716A /* StatistikPengeluaranViewController.swift */,
				60682FA32868B91C0011716A /* StatistikKeuntunganViewController.swift */,
				60682FA72868C0960011716A /* PrediksiPenjualanViewController.swift */,
				A6C8AB4A286BDBEF00C507A3 /* ProfileViewController.swift */,
			);
			path = Screens;
			sourceTree = "<group>";
		};
		A66510F0285B4D4500297031 /* Components */ = {
			isa = PBXGroup;
			children = (
				A6C8AB01286767DC00C507A3 /* Transaction */,
				A665112A285BAC6600297031 /* CustomButton.swift */,
				A656F211285D87290052EFB6 /* PrimaryButton.swift */,
				6086AF5228601EB80073B5BE /* SecondaryButton.swift */,
				A656F215285D8BE30052EFB6 /* HeadingFiveLabel.swift */,
				6086AF562860442E0073B5BE /* SemiBoldLabel.swift */,
				A656F217285D8EFC0052EFB6 /* RegularLabel.swift */,
				A656F22D285DE90A0052EFB6 /* WarningLabel.swift */,
				A656F249286523E10052EFB6 /* MenuCell.swift */,
				A6C8AB1328680CF200C507A3 /* RowButton.swift */,
				A6C8AB2328683A7200C507A3 /* StepperField.swift */,
				A6C8AB272869166400C507A3 /* ChecklistCell.swift */,
				6086AF4C286010B60073B5BE /* CardKasUsaha.swift */,
				6086AF4E286010C20073B5BE /* CardEmptyStateDashboard.swift */,
				6012B1052863077200A89E4D /* CardPrediksiPenjualanItem.swift */,
				6012B10928630E1D00A89E4D /* CardPrediksiPenjualan.swift */,
				6012B10728630E0100A89E4D /* CardMenuAndalanItem.swift */,
				6012B10B28630E3000A89E4D /* CardMenuAndalan.swift */,
				6057061B2862232D00BE93ED /* CardEmptyStateStatistik.swift */,
				605C2E572864DAB500A019F7 /* LineChart.swift */,
				609E1E31286561390018E325 /* RiwayatTransaksiTable.swift */,
				609E1E332865617B0018E325 /* RiwayatTransaksiTableViewCell.swift */,
				607353652865DF0F00B0BC2C /* PrediksiJumlahMenuTable.swift */,
				607353612865DE7200B0BC2C /* PrediksiJumlahMenuTableViewCell.swift */,
				6073536928661F5600B0BC2C /* CarouselCell.swift */,
				6073536B28662CCA00B0BC2C /* Carousel.swift */,
				A6C8AB3A286AEC7E00C507A3 /* EmptyStateView.swift */,
				A6C8AB40286B73B900C507A3 /* TableViewAdjustedHeight.swift */,
				A6C8AB46286BC6B100C507A3 /* UserCard.swift */,
			);
			path = Components;
			sourceTree = "<group>";
		};
		A66510F3285B674200297031 /* Fonts */ = {
			isa = PBXGroup;
			children = (
				A665110E285B678600297031 /* Inter-Black.ttf */,
				A665110B285B678600297031 /* Inter-Bold.ttf */,
				A6651108285B678600297031 /* Inter-ExtraBold.ttf */,
				A6651109285B678600297031 /* Inter-ExtraLight.ttf */,
				A6651106285B678600297031 /* Inter-Light.ttf */,
				A6651107285B678600297031 /* Inter-Medium.ttf */,
				A665110A285B678600297031 /* Inter-Regular.ttf */,
				A665110D285B678600297031 /* Inter-SemiBold.ttf */,
				A665110C285B678600297031 /* Inter-Thin.ttf */,
			);
			path = Fonts;
			sourceTree = "<group>";
		};
		A6651118285B88FC00297031 /* Constants */ = {
			isa = PBXGroup;
			children = (
				A66510ED285B3E3900297031 /* OnboardingData.swift */,
				A665111B285B8E1D00297031 /* Fonts.swift */,
				A656F220285D9A640052EFB6 /* ApiServices.swift */,
				A656F237285F0F220052EFB6 /* UserDefaults.swift */,
				A6C8AAF3286747FB00C507A3 /* General.swift */,
			);
			path = Constants;
			sourceTree = "<group>";
		};
		A6651121285B924000297031 /* Extensions */ = {
			isa = PBXGroup;
			children = (
				A66510E9285B362F00297031 /* UIViewControllerExtension.swift */,
				A66510EB285B364900297031 /* UIViewExtension.swift */,
				A6651122285B925F00297031 /* UIColorExtension.swift */,
				A656F1E9285C59710052EFB6 /* UIImageViewExtension.swift */,
				A656F229285DB50D0052EFB6 /* UITextFieldExtension.swift */,
				A656F233285EBF840052EFB6 /* StringExtension.swift */,
				A6C8AAEB2866AB5A00C507A3 /* UIImageExtension.swift */,
				A6C8AB36286937BD00C507A3 /* FormatterExtension.swift */,
				A6C8AB38286937CB00C507A3 /* NumericExtension.swift */,
				A6C8AB3C286B098B00C507A3 /* UITextViewExtension.swift */,
			);
			path = Extensions;
			sourceTree = "<group>";
		};
		A6651130285C07FE00297031 /* Authentication */ = {
			isa = PBXGroup;
			children = (
				A665112C285BADA600297031 /* LoginViewController.swift */,
				A665112E285C042B00297031 /* LoginPINViewController.swift */,
				A6651126285B98AB00297031 /* RegisterViewController.swift */,
				A656F23D285F4F340052EFB6 /* RegisterPINViewController.swift */,
				A656F23F285F4F440052EFB6 /* RegisterConfirmPINViewController.swift */,
				A64D94AC287438F6009BCF8D /* RegisterSuccessViewController.swift */,
				A6C8AB4E286BE6C100C507A3 /* ChangePINViewController.swift */,
				A6C8AB50286BE6CE00C507A3 /* ChangeConfirmPINViewController.swift */,
			);
			path = Authentication;
			sourceTree = "<group>";
		};
		A6651131285C080B00297031 /* Menu */ = {
			isa = PBXGroup;
			children = (
				A6651132285C081F00297031 /* WelcomingAddMenuViewController.swift */,
				A6651134285C0D1D00297031 /* GuestAddMenuViewController.swift */,
				A6651136285C0D5200297031 /* GuestListMenuViewController.swift */,
				A656F241286520890052EFB6 /* ListMenuViewController.swift */,
				A6C8AAE72866801700C507A3 /* AddMenuViewController.swift */,
				A6C8AAED2866B2AC00C507A3 /* EditMenuViewController.swift */,
				A6C8AB25286915EA00C507A3 /* ChooseMenuViewController.swift */,
				A6C8AB42286B7BB000C507A3 /* ListChooseMenuViewController.swift */,
			);
			path = Menu;
			sourceTree = "<group>";
		};
		A6C8AADE2865F95400C507A3 /* Menu */ = {
			isa = PBXGroup;
			children = (
				A6C8AADF2865F96900C507A3 /* ListMenuViewModel.swift */,
				A6C8AAE528667F9F00C507A3 /* AddMenuViewModel.swift */,
				A6C8AAEF2866B2B700C507A3 /* EditMenuViewModel.swift */,
				A6C8AAF12866F87100C507A3 /* MenuCellViewModel.swift */,
			);
			path = Menu;
			sourceTree = "<group>";
		};
		A6C8AB01286767DC00C507A3 /* Transaction */ = {
			isa = PBXGroup;
			children = (
				A6C8AB022867680500C507A3 /* TextFieldWithCard.swift */,
				A6C8AB0428676C1E00C507A3 /* DateFieldView.swift */,
				A6C8AB0628676F2800C507A3 /* DescriptionTextView.swift */,
				A6C8AB082867748400C507A3 /* CardTransactionView.swift */,
				A6C8AB0A28677AA200C507A3 /* TransactionCell.swift */,
				A6C8AB1D2868333E00C507A3 /* ChooseMenuCell.swift */,
				A6C8AB212868339600C507A3 /* ChosenMenuCell.swift */,
				A6C8AB1F2868337900C507A3 /* TextFieldWithCardCell.swift */,
			);
			path = Transaction;
			sourceTree = "<group>";
		};
		A6C8AB0C2867850300C507A3 /* Transaction */ = {
			isa = PBXGroup;
			children = (
				A6C8AAFD286765BB00C507A3 /* TransactionListViewController.swift */,
				A6C8AB17286829E200C507A3 /* AddTransactionIncomeViewController.swift */,
				A6C8AB19286829EB00C507A3 /* AddTransactionExpenseViewController.swift */,
				A6C8AB1B286829F500C507A3 /* AddTransactionViewController.swift */,
			);
			path = Transaction;
			sourceTree = "<group>";
		};
		A6C8AB2F28692BA200C507A3 /* Transaction */ = {
			isa = PBXGroup;
			children = (
				A6C8AB2D28692B9D00C507A3 /* AddTransactionExpenseViewModel.swift */,
				A6C8AB44286B951B00C507A3 /* AddTransactionIncomeViewModel.swift */,
				A6C8AB3428692EEF00C507A3 /* TransactionListViewModel.swift */,
			);
			path = Transaction;
			sourceTree = "<group>";
		};
		A6E272312857708C00B5CF59 = {
			isa = PBXGroup;
			children = (
				A6E2723C2857708C00B5CF59 /* MagiCan */,
				A6E272562857708E00B5CF59 /* MagiCanTests */,
				A6E272602857708E00B5CF59 /* MagiCanUITests */,
				A6E2723B2857708C00B5CF59 /* Products */,
			);
			sourceTree = "<group>";
		};
		A6E2723B2857708C00B5CF59 /* Products */ = {
			isa = PBXGroup;
			children = (
				A6E2723A2857708C00B5CF59 /* MagiCan.app */,
				A6E272532857708E00B5CF59 /* MagiCanTests.xctest */,
				A6E2725D2857708E00B5CF59 /* MagiCanUITests.xctest */,
			);
			name = Products;
			sourceTree = "<group>";
		};
		A6E2723C2857708C00B5CF59 /* MagiCan */ = {
			isa = PBXGroup;
			children = (
				A66510F3285B674200297031 /* Fonts */,
				A6651118285B88FC00297031 /* Constants */,
				A66510E8285AFFC800297031 /* Utilities */,
				A656F21D285D98A00052EFB6 /* Services */,
				A6E272702857770600B5CF59 /* Models */,
				A6E272722857771F00B5CF59 /* Views */,
				A6E272712857770D00B5CF59 /* ViewModels */,
				A6E2723D2857708C00B5CF59 /* AppDelegate.swift */,
				A6E2723F2857708C00B5CF59 /* SceneDelegate.swift */,
				A6E272492857708E00B5CF59 /* Assets.xcassets */,
				A6E2724B2857708E00B5CF59 /* LaunchScreen.storyboard */,
				A6E2724E2857708E00B5CF59 /* Info.plist */,
				A6E272462857708C00B5CF59 /* MagiCan.xcdatamodeld */,
				A64D94A8287437C0009BCF8D /* CheckmarkAnimation.gif */,
			);
			path = MagiCan;
			sourceTree = "<group>";
		};
		A6E272562857708E00B5CF59 /* MagiCanTests */ = {
			isa = PBXGroup;
			children = (
				A6E272572857708E00B5CF59 /* MagiCanTests.swift */,
			);
			path = MagiCanTests;
			sourceTree = "<group>";
		};
		A6E272602857708E00B5CF59 /* MagiCanUITests */ = {
			isa = PBXGroup;
			children = (
				A6E272612857708E00B5CF59 /* MagiCanUITests.swift */,
				A6E272632857708E00B5CF59 /* MagiCanUITestsLaunchTests.swift */,
			);
			path = MagiCanUITests;
			sourceTree = "<group>";
		};
		A6E272702857770600B5CF59 /* Models */ = {
			isa = PBXGroup;
			children = (
				A656F224285D9ADB0052EFB6 /* User.swift */,
				A656F247286521420052EFB6 /* Menu.swift */,
				A6C8AB3028692BB900C507A3 /* Transaction.swift */,
			);
			path = Models;
			sourceTree = "<group>";
		};
		A6E272712857770D00B5CF59 /* ViewModels */ = {
			isa = PBXGroup;
			children = (
				A6C8AB2F28692BA200C507A3 /* Transaction */,
				606E81872869EFCB0081701F /* Statistics */,
				A6C8AADE2865F95400C507A3 /* Menu */,
				A656F20F285D744D0052EFB6 /* Authentication */,
				A6C8AB4C286BDC5A00C507A3 /* ProfileViewModel.swift */,
			);
			path = ViewModels;
			sourceTree = "<group>";
		};
		A6E272722857771F00B5CF59 /* Views */ = {
			isa = PBXGroup;
			children = (
				A66510F0285B4D4500297031 /* Components */,
				A656F226285D9F830052EFB6 /* View */,
				A66510EF285B4D3F00297031 /* Screens */,
			);
			path = Views;
			sourceTree = "<group>";
		};
/* End PBXGroup section */

/* Begin PBXNativeTarget section */
		A6E272392857708C00B5CF59 /* MagiCan */ = {
			isa = PBXNativeTarget;
			buildConfigurationList = A6E272672857708E00B5CF59 /* Build configuration list for PBXNativeTarget "MagiCan" */;
			buildPhases = (
				A6E272362857708C00B5CF59 /* Sources */,
				A6E272372857708C00B5CF59 /* Frameworks */,
				A6E272382857708C00B5CF59 /* Resources */,
			);
			buildRules = (
			);
			dependencies = (
			);
			name = MagiCan;
			productName = MagiCan;
			productReference = A6E2723A2857708C00B5CF59 /* MagiCan.app */;
			productType = "com.apple.product-type.application";
		};
		A6E272522857708E00B5CF59 /* MagiCanTests */ = {
			isa = PBXNativeTarget;
			buildConfigurationList = A6E2726A2857708E00B5CF59 /* Build configuration list for PBXNativeTarget "MagiCanTests" */;
			buildPhases = (
				A6E2724F2857708E00B5CF59 /* Sources */,
				A6E272502857708E00B5CF59 /* Frameworks */,
				A6E272512857708E00B5CF59 /* Resources */,
			);
			buildRules = (
			);
			dependencies = (
				A6E272552857708E00B5CF59 /* PBXTargetDependency */,
			);
			name = MagiCanTests;
			productName = MagiCanTests;
			productReference = A6E272532857708E00B5CF59 /* MagiCanTests.xctest */;
			productType = "com.apple.product-type.bundle.unit-test";
		};
		A6E2725C2857708E00B5CF59 /* MagiCanUITests */ = {
			isa = PBXNativeTarget;
			buildConfigurationList = A6E2726D2857708E00B5CF59 /* Build configuration list for PBXNativeTarget "MagiCanUITests" */;
			buildPhases = (
				A6E272592857708E00B5CF59 /* Sources */,
				A6E2725A2857708E00B5CF59 /* Frameworks */,
				A6E2725B2857708E00B5CF59 /* Resources */,
			);
			buildRules = (
			);
			dependencies = (
				A6E2725F2857708E00B5CF59 /* PBXTargetDependency */,
			);
			name = MagiCanUITests;
			productName = MagiCanUITests;
			productReference = A6E2725D2857708E00B5CF59 /* MagiCanUITests.xctest */;
			productType = "com.apple.product-type.bundle.ui-testing";
		};
/* End PBXNativeTarget section */

/* Begin PBXProject section */
		A6E272322857708C00B5CF59 /* Project object */ = {
			isa = PBXProject;
			attributes = {
				BuildIndependentTargetsInParallel = 1;
				LastSwiftUpdateCheck = 1330;
				LastUpgradeCheck = 1330;
				TargetAttributes = {
					A6E272392857708C00B5CF59 = {
						CreatedOnToolsVersion = 13.3;
					};
					A6E272522857708E00B5CF59 = {
						CreatedOnToolsVersion = 13.3;
						TestTargetID = A6E272392857708C00B5CF59;
					};
					A6E2725C2857708E00B5CF59 = {
						CreatedOnToolsVersion = 13.3;
						TestTargetID = A6E272392857708C00B5CF59;
					};
				};
			};
			buildConfigurationList = A6E272352857708C00B5CF59 /* Build configuration list for PBXProject "MagiCan" */;
			compatibilityVersion = "Xcode 13.0";
			developmentRegion = en;
			hasScannedForEncodings = 0;
			knownRegions = (
				en,
				Base,
			);
			mainGroup = A6E272312857708C00B5CF59;
			productRefGroup = A6E2723B2857708C00B5CF59 /* Products */;
			projectDirPath = "";
			projectRoot = "";
			targets = (
				A6E272392857708C00B5CF59 /* MagiCan */,
				A6E272522857708E00B5CF59 /* MagiCanTests */,
				A6E2725C2857708E00B5CF59 /* MagiCanUITests */,
			);
		};
/* End PBXProject section */

/* Begin PBXResourcesBuildPhase section */
		A6E272382857708C00B5CF59 /* Resources */ = {
			isa = PBXResourcesBuildPhase;
			buildActionMask = 2147483647;
			files = (
				A6651111285B678600297031 /* Inter-ExtraBold.ttf in Resources */,
				A6651112285B678600297031 /* Inter-ExtraLight.ttf in Resources */,
				A6651115285B678600297031 /* Inter-Thin.ttf in Resources */,
				A64D94A9287437C0009BCF8D /* CheckmarkAnimation.gif in Resources */,
				A6651114285B678600297031 /* Inter-Bold.ttf in Resources */,
				A6651110285B678600297031 /* Inter-Medium.ttf in Resources */,
				A6E2724D2857708E00B5CF59 /* LaunchScreen.storyboard in Resources */,
				A6651117285B678600297031 /* Inter-Black.ttf in Resources */,
				A665110F285B678600297031 /* Inter-Light.ttf in Resources */,
				A6E2724A2857708E00B5CF59 /* Assets.xcassets in Resources */,
				A6651116285B678600297031 /* Inter-SemiBold.ttf in Resources */,
				A6651113285B678600297031 /* Inter-Regular.ttf in Resources */,
			);
			runOnlyForDeploymentPostprocessing = 0;
		};
		A6E272512857708E00B5CF59 /* Resources */ = {
			isa = PBXResourcesBuildPhase;
			buildActionMask = 2147483647;
			files = (
			);
			runOnlyForDeploymentPostprocessing = 0;
		};
		A6E2725B2857708E00B5CF59 /* Resources */ = {
			isa = PBXResourcesBuildPhase;
			buildActionMask = 2147483647;
			files = (
			);
			runOnlyForDeploymentPostprocessing = 0;
		};
/* End PBXResourcesBuildPhase section */

/* Begin PBXSourcesBuildPhase section */
		A6E272362857708C00B5CF59 /* Sources */ = {
			isa = PBXSourcesBuildPhase;
			buildActionMask = 2147483647;
			files = (
				A6C8AB1C286829F500C507A3 /* AddTransactionViewController.swift in Sources */,
				A6C8AB0E2867ECB300C507A3 /* AddTransactionView.swift in Sources */,
				A6C8AB3B286AEC7E00C507A3 /* EmptyStateView.swift in Sources */,
				60682FA62868BEEB0011716A /* PrediksiPenjualanView.swift in Sources */,
				6012B1062863077200A89E4D /* CardPrediksiPenjualanItem.swift in Sources */,
				A66510EC285B364900297031 /* UIViewExtension.swift in Sources */,
				A6C8AB1A286829EB00C507A3 /* AddTransactionExpenseViewController.swift in Sources */,
				A6C8AB2C2869191B00C507A3 /* ChooseMenuView.swift in Sources */,
				A6C8AB53286BE6F400C507A3 /* ChangePINViewModel.swift in Sources */,
				A656F246286520EE0052EFB6 /* ListMenuView.swift in Sources */,
				A6C8AAF828675D1800C507A3 /* GuestListMenuView.swift in Sources */,
				A6E272482857708C00B5CF59 /* MagiCan.xcdatamodeld in Sources */,
				A6C8AB18286829E200C507A3 /* AddTransactionIncomeViewController.swift in Sources */,
				A6C8AB45286B951B00C507A3 /* AddTransactionIncomeViewModel.swift in Sources */,
				6009916328677B0F00B30C63 /* DashboardViewController.swift in Sources */,
				A656F21A285D970E0052EFB6 /* LoginViewModel.swift in Sources */,
				6057061E28622EE900BE93ED /* StatistikKeuntunganView.swift in Sources */,
				609E1E32286561390018E325 /* RiwayatTransaksiTable.swift in Sources */,
				60570616286220B300BE93ED /* StatistikPemasukanView.swift in Sources */,
				605C2E582864DAB500A019F7 /* LineChart.swift in Sources */,
				A6651127285B98AB00297031 /* RegisterViewController.swift in Sources */,
				A656F234285EBF840052EFB6 /* StringExtension.swift in Sources */,
				6086AF572860442E0073B5BE /* SemiBoldLabel.swift in Sources */,
				A656F23E285F4F340052EFB6 /* RegisterPINViewController.swift in Sources */,
				A6C8AAF02866B2B700C507A3 /* EditMenuViewModel.swift in Sources */,
				606E81892869F0030081701F /* ListRiwayatTransaksiViewModel.swift in Sources */,
				A6C8AAE82866801700C507A3 /* AddMenuViewController.swift in Sources */,
				A6C8AB12286808BB00C507A3 /* AddTransactionExpenseView.swift in Sources */,
				A665112D285BADA600297031 /* LoginViewController.swift in Sources */,
				A66510EA285B362F00297031 /* UIViewControllerExtension.swift in Sources */,
				A6C8AB4D286BDC5A00C507A3 /* ProfileViewModel.swift in Sources */,
				A6C8AB4F286BE6C100C507A3 /* ChangePINViewController.swift in Sources */,
				A6C8AB092867748400C507A3 /* CardTransactionView.swift in Sources */,
				A66510F2285B4D9400297031 /* OnboardingView.swift in Sources */,
				6012B10828630E0100A89E4D /* CardMenuAndalanItem.swift in Sources */,
				60691124286AB89500E729BF /* DashboardViewModel.swift in Sources */,
				A6E272422857708C00B5CF59 /* OnboardingViewController.swift in Sources */,
				A6C8AB222868339600C507A3 /* ChosenMenuCell.swift in Sources */,
				A6C8AB0728676F2800C507A3 /* DescriptionTextView.swift in Sources */,
				A6C8AB202868337900C507A3 /* TextFieldWithCardCell.swift in Sources */,
				A6C8AB47286BC6B100C507A3 /* UserCard.swift in Sources */,
				6086AF51286011640073B5BE /* DashboardView.swift in Sources */,
				A66510EE285B3E3900297031 /* OnboardingData.swift in Sources */,
				A656F22A285DB50D0052EFB6 /* UITextFieldExtension.swift in Sources */,
				A6C8AB39286937CB00C507A3 /* NumericExtension.swift in Sources */,
				A6C8AB41286B73B900C507A3 /* TableViewAdjustedHeight.swift in Sources */,
				A656F24A286523E10052EFB6 /* MenuCell.swift in Sources */,
				A6E2723E2857708C00B5CF59 /* AppDelegate.swift in Sources */,
				A6C8AB43286B7BB000C507A3 /* ListChooseMenuViewController.swift in Sources */,
				A656F221285D9A640052EFB6 /* ApiServices.swift in Sources */,
				A656F248286521420052EFB6 /* Menu.swift in Sources */,
				6073536C28662CCA00B0BC2C /* Carousel.swift in Sources */,
				A656F230285E2B270052EFB6 /* PINView.swift in Sources */,
				A6C8AB37286937BD00C507A3 /* FormatterExtension.swift in Sources */,
				A6C8AB2428683A7200C507A3 /* StepperField.swift in Sources */,
				A6C8AB0B28677AA200C507A3 /* TransactionCell.swift in Sources */,
				A6C8AB1E2868333E00C507A3 /* ChooseMenuCell.swift in Sources */,
				A656F242286520890052EFB6 /* ListMenuViewController.swift in Sources */,
				A6C8AAF4286747FB00C507A3 /* General.swift in Sources */,
				609E1E342865617B0018E325 /* RiwayatTransaksiTableViewCell.swift in Sources */,
				A665112B285BAC6600297031 /* CustomButton.swift in Sources */,
				A6651135285C0D1D00297031 /* GuestAddMenuViewController.swift in Sources */,
				A6651135285C0D1D00297031 /* GuestAddMenuViewController.swift in Sources */,
				60682FA22868B8F80011716A /* StatistikPengeluaranViewController.swift in Sources */,
				6086AF4F286010C20073B5BE /* CardEmptyStateDashboard.swift in Sources */,
				607353622865DE7200B0BC2C /* PrediksiJumlahMenuTableViewCell.swift in Sources */,
				60682FA42868B91C0011716A /* StatistikKeuntunganViewController.swift in Sources */,
				A6651123285B925F00297031 /* UIColorExtension.swift in Sources */,
				6012B10C28630E3000A89E4D /* CardMenuAndalan.swift in Sources */,
				A665111C285B8E1D00297031 /* Fonts.swift in Sources */,
				A6C8AB3328692CA300C507A3 /* TransactionApiServices.swift in Sources */,
				A6E272402857708C00B5CF59 /* SceneDelegate.swift in Sources */,
				A656F1EA285C59710052EFB6 /* UIImageViewExtension.swift in Sources */,
				A6C8AB3128692BB900C507A3 /* Transaction.swift in Sources */,
				6012B10A28630E1D00A89E4D /* CardPrediksiPenjualan.swift in Sources */,
				A6E272402857708C00B5CF59 /* SceneDelegate.swift in Sources */,
				A656F1EA285C59710052EFB6 /* UIImageViewExtension.swift in Sources */,
				6086AF5328601EB80073B5BE /* SecondaryButton.swift in Sources */,
				A656F216285D8BE30052EFB6 /* HeadingFiveLabel.swift in Sources */,
				A6C8AAE22865F97D00C507A3 /* MenuApiServices.swift in Sources */,
				A656F238285F0F220052EFB6 /* UserDefaults.swift in Sources */,
				A656F240285F4F440052EFB6 /* RegisterConfirmPINViewController.swift in Sources */,
				A6C8AAE02865F96900C507A3 /* ListMenuViewModel.swift in Sources */,
				A6C8AAE42865FCC300C507A3 /* Helper.swift in Sources */,
				A6C8AB2E28692B9D00C507A3 /* AddTransactionExpenseViewModel.swift in Sources */,
				A656F225285D9ADB0052EFB6 /* User.swift in Sources */,
				6073536A28661F5600B0BC2C /* CarouselCell.swift in Sources */,
				600991652867912600B30C63 /* StatistikPemasukanViewController.swift in Sources */,
				A6C8AB51286BE6CE00C507A3 /* ChangeConfirmPINViewController.swift in Sources */,
				A665112F285C042B00297031 /* LoginPINViewController.swift in Sources */,
				A6C8AAF22866F87100C507A3 /* MenuCellViewModel.swift in Sources */,
				A6C8AAEA286681F000C507A3 /* AddMenuView.swift in Sources */,
				6086AF4D286010B60073B5BE /* CardKasUsaha.swift in Sources */,
				A64D94AD287438F6009BCF8D /* RegisterSuccessViewController.swift in Sources */,
				A656F218285D8EFC0052EFB6 /* RegularLabel.swift in Sources */,
				A6C8AAEE2866B2AC00C507A3 /* EditMenuViewController.swift in Sources */,
				60682FA82868C0960011716A /* PrediksiPenjualanViewController.swift in Sources */,
				A656F228285D9F9F0052EFB6 /* LoginView.swift in Sources */,
				A6C8AB3D286B098B00C507A3 /* UITextViewExtension.swift in Sources */,
				A6C8AAFE286765BB00C507A3 /* TransactionListViewController.swift in Sources */,
				A656F22E285DE90A0052EFB6 /* WarningLabel.swift in Sources */,
				606E818B286A00C20081701F /* StatisticsApiServices.swift in Sources */,
				607353662865DF0F00B0BC2C /* PrediksiJumlahMenuTable.swift in Sources */,
				A656F212285D87290052EFB6 /* PrimaryButton.swift in Sources */,
				A6C8AB0528676C1E00C507A3 /* DateFieldView.swift in Sources */,
				A6651137285C0D5200297031 /* GuestListMenuViewController.swift in Sources */,
				6057061C2862232D00BE93ED /* CardEmptyStateStatistik.swift in Sources */,
				A6C8AB4B286BDBEF00C507A3 /* ProfileViewController.swift in Sources */,
				60570618286220C700BE93ED /* StatistikPengeluaranView.swift in Sources */,
				A6651137285C0D5200297031 /* GuestListMenuViewController.swift in Sources */,
				6057061A2862210700BE93ED /* ProfileView.swift in Sources */,
				A656F23C285F4C9D0052EFB6 /* WelcomingAddMenuView.swift in Sources */,
				A6C8AB032867680500C507A3 /* TextFieldWithCard.swift in Sources */,
				A6C8AAFC2867653400C507A3 /* TransactionListView.swift in Sources */,
				A656F23A285F2C930052EFB6 /* RegisterView.swift in Sources */,
				A656F21F285D996D0052EFB6 /* UserApiServices.swift in Sources */,
				A6C8AB3528692EEF00C507A3 /* TransactionListViewModel.swift in Sources */,
				A6651133285C081F00297031 /* WelcomingAddMenuViewController.swift in Sources */,
				A6C8AB26286915EA00C507A3 /* ChooseMenuViewController.swift in Sources */,
				A6C8AB282869166400C507A3 /* ChecklistCell.swift in Sources */,
				A656F21C285D972B0052EFB6 /* RegisterViewModel.swift in Sources */,
				A6C8AB1428680CF200C507A3 /* RowButton.swift in Sources */,
				A6C8AAE628667F9F00C507A3 /* AddMenuViewModel.swift in Sources */,
				A64D94A72874348D009BCF8D /* RegisterSuccessView.swift in Sources */,
				A6C8AB10286808B200C507A3 /* AddTransactionIncomeView.swift in Sources */,
				A6C8AAEC2866AB5A00C507A3 /* UIImageExtension.swift in Sources */,
			);
			runOnlyForDeploymentPostprocessing = 0;
		};
		A6E2724F2857708E00B5CF59 /* Sources */ = {
			isa = PBXSourcesBuildPhase;
			buildActionMask = 2147483647;
			files = (
				A6E272582857708E00B5CF59 /* MagiCanTests.swift in Sources */,
			);
			runOnlyForDeploymentPostprocessing = 0;
		};
		A6E272592857708E00B5CF59 /* Sources */ = {
			isa = PBXSourcesBuildPhase;
			buildActionMask = 2147483647;
			files = (
				A6E272622857708E00B5CF59 /* MagiCanUITests.swift in Sources */,
				A6E272642857708E00B5CF59 /* MagiCanUITestsLaunchTests.swift in Sources */,
			);
			runOnlyForDeploymentPostprocessing = 0;
		};
/* End PBXSourcesBuildPhase section */

/* Begin PBXTargetDependency section */
		A6E272552857708E00B5CF59 /* PBXTargetDependency */ = {
			isa = PBXTargetDependency;
			target = A6E272392857708C00B5CF59 /* MagiCan */;
			targetProxy = A6E272542857708E00B5CF59 /* PBXContainerItemProxy */;
		};
		A6E2725F2857708E00B5CF59 /* PBXTargetDependency */ = {
			isa = PBXTargetDependency;
			target = A6E272392857708C00B5CF59 /* MagiCan */;
			targetProxy = A6E2725E2857708E00B5CF59 /* PBXContainerItemProxy */;
		};
/* End PBXTargetDependency section */

/* Begin PBXVariantGroup section */
		A6E2724B2857708E00B5CF59 /* LaunchScreen.storyboard */ = {
			isa = PBXVariantGroup;
			children = (
				A6E2724C2857708E00B5CF59 /* Base */,
			);
			name = LaunchScreen.storyboard;
			sourceTree = "<group>";
		};
/* End PBXVariantGroup section */

/* Begin XCBuildConfiguration section */
		A6E272652857708E00B5CF59 /* Debug */ = {
			isa = XCBuildConfiguration;
			buildSettings = {
				ALWAYS_SEARCH_USER_PATHS = NO;
				CLANG_ANALYZER_NONNULL = YES;
				CLANG_ANALYZER_NUMBER_OBJECT_CONVERSION = YES_AGGRESSIVE;
				CLANG_CXX_LANGUAGE_STANDARD = "gnu++17";
				CLANG_ENABLE_MODULES = YES;
				CLANG_ENABLE_OBJC_ARC = YES;
				CLANG_ENABLE_OBJC_WEAK = YES;
				CLANG_WARN_BLOCK_CAPTURE_AUTORELEASING = YES;
				CLANG_WARN_BOOL_CONVERSION = YES;
				CLANG_WARN_COMMA = YES;
				CLANG_WARN_CONSTANT_CONVERSION = YES;
				CLANG_WARN_DEPRECATED_OBJC_IMPLEMENTATIONS = YES;
				CLANG_WARN_DIRECT_OBJC_ISA_USAGE = YES_ERROR;
				CLANG_WARN_DOCUMENTATION_COMMENTS = YES;
				CLANG_WARN_EMPTY_BODY = YES;
				CLANG_WARN_ENUM_CONVERSION = YES;
				CLANG_WARN_INFINITE_RECURSION = YES;
				CLANG_WARN_INT_CONVERSION = YES;
				CLANG_WARN_NON_LITERAL_NULL_CONVERSION = YES;
				CLANG_WARN_OBJC_IMPLICIT_RETAIN_SELF = YES;
				CLANG_WARN_OBJC_LITERAL_CONVERSION = YES;
				CLANG_WARN_OBJC_ROOT_CLASS = YES_ERROR;
				CLANG_WARN_QUOTED_INCLUDE_IN_FRAMEWORK_HEADER = YES;
				CLANG_WARN_RANGE_LOOP_ANALYSIS = YES;
				CLANG_WARN_STRICT_PROTOTYPES = YES;
				CLANG_WARN_SUSPICIOUS_MOVE = YES;
				CLANG_WARN_UNGUARDED_AVAILABILITY = YES_AGGRESSIVE;
				CLANG_WARN_UNREACHABLE_CODE = YES;
				CLANG_WARN__DUPLICATE_METHOD_MATCH = YES;
				COPY_PHASE_STRIP = NO;
				DEBUG_INFORMATION_FORMAT = dwarf;
				ENABLE_STRICT_OBJC_MSGSEND = YES;
				ENABLE_TESTABILITY = YES;
				GCC_C_LANGUAGE_STANDARD = gnu11;
				GCC_DYNAMIC_NO_PIC = NO;
				GCC_NO_COMMON_BLOCKS = YES;
				GCC_OPTIMIZATION_LEVEL = 0;
				GCC_PREPROCESSOR_DEFINITIONS = (
					"DEBUG=1",
					"$(inherited)",
				);
				GCC_WARN_64_TO_32_BIT_CONVERSION = YES;
				GCC_WARN_ABOUT_RETURN_TYPE = YES_ERROR;
				GCC_WARN_UNDECLARED_SELECTOR = YES;
				GCC_WARN_UNINITIALIZED_AUTOS = YES_AGGRESSIVE;
				GCC_WARN_UNUSED_FUNCTION = YES;
				GCC_WARN_UNUSED_VARIABLE = YES;
				IPHONEOS_DEPLOYMENT_TARGET = 15.4;
				MTL_ENABLE_DEBUG_INFO = INCLUDE_SOURCE;
				MTL_FAST_MATH = YES;
				ONLY_ACTIVE_ARCH = YES;
				SDKROOT = iphoneos;
				SWIFT_ACTIVE_COMPILATION_CONDITIONS = DEBUG;
				SWIFT_OPTIMIZATION_LEVEL = "-Onone";
			};
			name = Debug;
		};
		A6E272662857708E00B5CF59 /* Release */ = {
			isa = XCBuildConfiguration;
			buildSettings = {
				ALWAYS_SEARCH_USER_PATHS = NO;
				CLANG_ANALYZER_NONNULL = YES;
				CLANG_ANALYZER_NUMBER_OBJECT_CONVERSION = YES_AGGRESSIVE;
				CLANG_CXX_LANGUAGE_STANDARD = "gnu++17";
				CLANG_ENABLE_MODULES = YES;
				CLANG_ENABLE_OBJC_ARC = YES;
				CLANG_ENABLE_OBJC_WEAK = YES;
				CLANG_WARN_BLOCK_CAPTURE_AUTORELEASING = YES;
				CLANG_WARN_BOOL_CONVERSION = YES;
				CLANG_WARN_COMMA = YES;
				CLANG_WARN_CONSTANT_CONVERSION = YES;
				CLANG_WARN_DEPRECATED_OBJC_IMPLEMENTATIONS = YES;
				CLANG_WARN_DIRECT_OBJC_ISA_USAGE = YES_ERROR;
				CLANG_WARN_DOCUMENTATION_COMMENTS = YES;
				CLANG_WARN_EMPTY_BODY = YES;
				CLANG_WARN_ENUM_CONVERSION = YES;
				CLANG_WARN_INFINITE_RECURSION = YES;
				CLANG_WARN_INT_CONVERSION = YES;
				CLANG_WARN_NON_LITERAL_NULL_CONVERSION = YES;
				CLANG_WARN_OBJC_IMPLICIT_RETAIN_SELF = YES;
				CLANG_WARN_OBJC_LITERAL_CONVERSION = YES;
				CLANG_WARN_OBJC_ROOT_CLASS = YES_ERROR;
				CLANG_WARN_QUOTED_INCLUDE_IN_FRAMEWORK_HEADER = YES;
				CLANG_WARN_RANGE_LOOP_ANALYSIS = YES;
				CLANG_WARN_STRICT_PROTOTYPES = YES;
				CLANG_WARN_SUSPICIOUS_MOVE = YES;
				CLANG_WARN_UNGUARDED_AVAILABILITY = YES_AGGRESSIVE;
				CLANG_WARN_UNREACHABLE_CODE = YES;
				CLANG_WARN__DUPLICATE_METHOD_MATCH = YES;
				COPY_PHASE_STRIP = NO;
				DEBUG_INFORMATION_FORMAT = "dwarf-with-dsym";
				ENABLE_NS_ASSERTIONS = NO;
				ENABLE_STRICT_OBJC_MSGSEND = YES;
				GCC_C_LANGUAGE_STANDARD = gnu11;
				GCC_NO_COMMON_BLOCKS = YES;
				GCC_WARN_64_TO_32_BIT_CONVERSION = YES;
				GCC_WARN_ABOUT_RETURN_TYPE = YES_ERROR;
				GCC_WARN_UNDECLARED_SELECTOR = YES;
				GCC_WARN_UNINITIALIZED_AUTOS = YES_AGGRESSIVE;
				GCC_WARN_UNUSED_FUNCTION = YES;
				GCC_WARN_UNUSED_VARIABLE = YES;
				IPHONEOS_DEPLOYMENT_TARGET = 15.4;
				MTL_ENABLE_DEBUG_INFO = NO;
				MTL_FAST_MATH = YES;
				SDKROOT = iphoneos;
				SWIFT_COMPILATION_MODE = wholemodule;
				SWIFT_OPTIMIZATION_LEVEL = "-O";
				VALIDATE_PRODUCT = YES;
			};
			name = Release;
		};
		A6E272682857708E00B5CF59 /* Debug */ = {
			isa = XCBuildConfiguration;
			buildSettings = {
				ASSETCATALOG_COMPILER_APPICON_NAME = AppIcon;
				ASSETCATALOG_COMPILER_GLOBAL_ACCENT_COLOR_NAME = AccentColor;
				CODE_SIGN_STYLE = Automatic;
				CURRENT_PROJECT_VERSION = 2;
				DEVELOPMENT_TEAM = STRZD6QZ7M;
				GENERATE_INFOPLIST_FILE = YES;
				INFOPLIST_FILE = MagiCan/Info.plist;
				INFOPLIST_KEY_UIApplicationSupportsIndirectInputEvents = YES;
				INFOPLIST_KEY_UILaunchStoryboardName = LaunchScreen;
				INFOPLIST_KEY_UISupportedInterfaceOrientations = UIInterfaceOrientationPortrait;
				INFOPLIST_KEY_UISupportedInterfaceOrientations_iPad = "UIInterfaceOrientationPortrait UIInterfaceOrientationPortraitUpsideDown UIInterfaceOrientationLandscapeLeft UIInterfaceOrientationLandscapeRight";
				INFOPLIST_KEY_UISupportedInterfaceOrientations_iPhone = "UIInterfaceOrientationPortrait UIInterfaceOrientationLandscapeLeft UIInterfaceOrientationLandscapeRight";
				LD_RUNPATH_SEARCH_PATHS = (
					"$(inherited)",
					"@executable_path/Frameworks",
				);
				MARKETING_VERSION = 1.0;
				PRODUCT_BUNDLE_IDENTIFIER = tech.sen.MagiCan;
				PRODUCT_NAME = "$(TARGET_NAME)";
				SWIFT_EMIT_LOC_STRINGS = YES;
				SWIFT_VERSION = 5.0;
				TARGETED_DEVICE_FAMILY = "1,2";
			};
			name = Debug;
		};
		A6E272692857708E00B5CF59 /* Release */ = {
			isa = XCBuildConfiguration;
			buildSettings = {
				ASSETCATALOG_COMPILER_APPICON_NAME = AppIcon;
				ASSETCATALOG_COMPILER_GLOBAL_ACCENT_COLOR_NAME = AccentColor;
				CODE_SIGN_STYLE = Automatic;
				CURRENT_PROJECT_VERSION = 2;
				DEVELOPMENT_TEAM = STRZD6QZ7M;
				GENERATE_INFOPLIST_FILE = YES;
				INFOPLIST_FILE = MagiCan/Info.plist;
				INFOPLIST_KEY_UIApplicationSupportsIndirectInputEvents = YES;
				INFOPLIST_KEY_UILaunchStoryboardName = LaunchScreen;
				INFOPLIST_KEY_UISupportedInterfaceOrientations = UIInterfaceOrientationPortrait;
				INFOPLIST_KEY_UISupportedInterfaceOrientations_iPad = "UIInterfaceOrientationPortrait UIInterfaceOrientationPortraitUpsideDown UIInterfaceOrientationLandscapeLeft UIInterfaceOrientationLandscapeRight";
				INFOPLIST_KEY_UISupportedInterfaceOrientations_iPhone = "UIInterfaceOrientationPortrait UIInterfaceOrientationLandscapeLeft UIInterfaceOrientationLandscapeRight";
				LD_RUNPATH_SEARCH_PATHS = (
					"$(inherited)",
					"@executable_path/Frameworks",
				);
				MARKETING_VERSION = 1.0;
				PRODUCT_BUNDLE_IDENTIFIER = tech.sen.MagiCan;
				PRODUCT_NAME = "$(TARGET_NAME)";
				SWIFT_EMIT_LOC_STRINGS = YES;
				SWIFT_VERSION = 5.0;
				TARGETED_DEVICE_FAMILY = "1,2";
			};
			name = Release;
		};
		A6E2726B2857708E00B5CF59 /* Debug */ = {
			isa = XCBuildConfiguration;
			buildSettings = {
				ALWAYS_EMBED_SWIFT_STANDARD_LIBRARIES = YES;
				BUNDLE_LOADER = "$(TEST_HOST)";
				CODE_SIGN_STYLE = Automatic;
				CURRENT_PROJECT_VERSION = 1;
				DEVELOPMENT_TEAM = STRZD6QZ7M;
				GENERATE_INFOPLIST_FILE = YES;
				IPHONEOS_DEPLOYMENT_TARGET = 15.4;
				MARKETING_VERSION = 1.0;
				PRODUCT_BUNDLE_IDENTIFIER = tech.sen.MagiCanTests;
				PRODUCT_NAME = "$(TARGET_NAME)";
				SWIFT_EMIT_LOC_STRINGS = NO;
				SWIFT_VERSION = 5.0;
				TARGETED_DEVICE_FAMILY = "1,2";
				TEST_HOST = "$(BUILT_PRODUCTS_DIR)/MagiCan.app/MagiCan";
			};
			name = Debug;
		};
		A6E2726C2857708E00B5CF59 /* Release */ = {
			isa = XCBuildConfiguration;
			buildSettings = {
				ALWAYS_EMBED_SWIFT_STANDARD_LIBRARIES = YES;
				BUNDLE_LOADER = "$(TEST_HOST)";
				CODE_SIGN_STYLE = Automatic;
				CURRENT_PROJECT_VERSION = 1;
				DEVELOPMENT_TEAM = STRZD6QZ7M;
				GENERATE_INFOPLIST_FILE = YES;
				IPHONEOS_DEPLOYMENT_TARGET = 15.4;
				MARKETING_VERSION = 1.0;
				PRODUCT_BUNDLE_IDENTIFIER = tech.sen.MagiCanTests;
				PRODUCT_NAME = "$(TARGET_NAME)";
				SWIFT_EMIT_LOC_STRINGS = NO;
				SWIFT_VERSION = 5.0;
				TARGETED_DEVICE_FAMILY = "1,2";
				TEST_HOST = "$(BUILT_PRODUCTS_DIR)/MagiCan.app/MagiCan";
			};
			name = Release;
		};
		A6E2726E2857708E00B5CF59 /* Debug */ = {
			isa = XCBuildConfiguration;
			buildSettings = {
				ALWAYS_EMBED_SWIFT_STANDARD_LIBRARIES = YES;
				CODE_SIGN_STYLE = Automatic;
				CURRENT_PROJECT_VERSION = 1;
				DEVELOPMENT_TEAM = STRZD6QZ7M;
				GENERATE_INFOPLIST_FILE = YES;
				MARKETING_VERSION = 1.0;
				PRODUCT_BUNDLE_IDENTIFIER = tech.sen.MagiCanUITests;
				PRODUCT_NAME = "$(TARGET_NAME)";
				SWIFT_EMIT_LOC_STRINGS = NO;
				SWIFT_VERSION = 5.0;
				TARGETED_DEVICE_FAMILY = "1,2";
				TEST_TARGET_NAME = MagiCan;
			};
			name = Debug;
		};
		A6E2726F2857708E00B5CF59 /* Release */ = {
			isa = XCBuildConfiguration;
			buildSettings = {
				ALWAYS_EMBED_SWIFT_STANDARD_LIBRARIES = YES;
				CODE_SIGN_STYLE = Automatic;
				CURRENT_PROJECT_VERSION = 1;
				DEVELOPMENT_TEAM = STRZD6QZ7M;
				GENERATE_INFOPLIST_FILE = YES;
				MARKETING_VERSION = 1.0;
				PRODUCT_BUNDLE_IDENTIFIER = tech.sen.MagiCanUITests;
				PRODUCT_NAME = "$(TARGET_NAME)";
				SWIFT_EMIT_LOC_STRINGS = NO;
				SWIFT_VERSION = 5.0;
				TARGETED_DEVICE_FAMILY = "1,2";
				TEST_TARGET_NAME = MagiCan;
			};
			name = Release;
		};
/* End XCBuildConfiguration section */

/* Begin XCConfigurationList section */
		A6E272352857708C00B5CF59 /* Build configuration list for PBXProject "MagiCan" */ = {
			isa = XCConfigurationList;
			buildConfigurations = (
				A6E272652857708E00B5CF59 /* Debug */,
				A6E272662857708E00B5CF59 /* Release */,
			);
			defaultConfigurationIsVisible = 0;
			defaultConfigurationName = Release;
		};
		A6E272672857708E00B5CF59 /* Build configuration list for PBXNativeTarget "MagiCan" */ = {
			isa = XCConfigurationList;
			buildConfigurations = (
				A6E272682857708E00B5CF59 /* Debug */,
				A6E272692857708E00B5CF59 /* Release */,
			);
			defaultConfigurationIsVisible = 0;
			defaultConfigurationName = Release;
		};
		A6E2726A2857708E00B5CF59 /* Build configuration list for PBXNativeTarget "MagiCanTests" */ = {
			isa = XCConfigurationList;
			buildConfigurations = (
				A6E2726B2857708E00B5CF59 /* Debug */,
				A6E2726C2857708E00B5CF59 /* Release */,
			);
			defaultConfigurationIsVisible = 0;
			defaultConfigurationName = Release;
		};
		A6E2726D2857708E00B5CF59 /* Build configuration list for PBXNativeTarget "MagiCanUITests" */ = {
			isa = XCConfigurationList;
			buildConfigurations = (
				A6E2726E2857708E00B5CF59 /* Debug */,
				A6E2726F2857708E00B5CF59 /* Release */,
			);
			defaultConfigurationIsVisible = 0;
			defaultConfigurationName = Release;
		};
/* End XCConfigurationList section */

/* Begin XCVersionGroup section */
		A6E272462857708C00B5CF59 /* MagiCan.xcdatamodeld */ = {
			isa = XCVersionGroup;
			children = (
				A6E272472857708C00B5CF59 /* MagiCan.xcdatamodel */,
			);
			currentVersion = A6E272472857708C00B5CF59 /* MagiCan.xcdatamodel */;
			path = MagiCan.xcdatamodeld;
			sourceTree = "<group>";
			versionGroupType = wrapper.xcdatamodel;
		};
/* End XCVersionGroup section */
	};
	rootObject = A6E272322857708C00B5CF59 /* Project object */;
}
